
Microsoft Visual Studio Solution File, Format Version 12.00
# Visual Studio Version 17
VisualStudioVersion = 17.0.31903.59
MinimumVisualStudioVersion = 10.0.40219.1
Project("{2150E333-8FDC-42A3-9474-1A3956D46DE8}") = "test", "test", "{0C88DD14-F956-CE84-757C-A364CCF449FC}"
EndProject
Project("{2150E333-8FDC-42A3-9474-1A3956D46DE8}") = "dotnet-scaffolding", "dotnet-scaffolding", "{26228072-E9ED-5FF3-8592-00D8FE7C7825}"
EndProject
Project("{FAE04EC0-301F-11D3-BF4B-00C04F79EFBC}") = "dotnet-scaffold.Tests", "test\dotnet-scaffolding\dotnet-scaffold.Tests\dotnet-scaffold.Tests.csproj", "{17A1359A-DF7E-486C-A920-A981ECA088A1}"
EndProject
Project("{2150E333-8FDC-42A3-9474-1A3956D46DE8}") = "src", "src", "{827E0CD3-B72D-47B6-A68D-7590B98EB39B}"
EndProject
Project("{2150E333-8FDC-42A3-9474-1A3956D46DE8}") = "dotnet-scaffolding", "dotnet-scaffolding", "{AA7B2A93-3DD2-667E-C93F-97A20842B6E4}"
EndProject
Project("{FAE04EC0-301F-11D3-BF4B-00C04F79EFBC}") = "dotnet-scaffold", "src\dotnet-scaffolding\dotnet-scaffold\dotnet-scaffold.csproj", "{BADB1507-47E9-4C08-8E36-0AF0D757E515}"
EndProject
Project("{FAE04EC0-301F-11D3-BF4B-00C04F79EFBC}") = "Microsoft.DotNet.Scaffolding.Core", "src\dotnet-scaffolding\Microsoft.DotNet.Scaffolding.Core\Microsoft.DotNet.Scaffolding.Core.csproj", "{DA4E4A61-201A-49B6-A61A-DCD0AA50FC98}"
EndProject
Project("{FAE04EC0-301F-11D3-BF4B-00C04F79EFBC}") = "Microsoft.DotNet.Scaffolding.Internal", "src\dotnet-scaffolding\Microsoft.DotNet.Scaffolding.Internal\Microsoft.DotNet.Scaffolding.Internal.csproj", "{EC6A518D-F023-48D5-9310-242488F2B161}"
EndProject
Project("{FAE04EC0-301F-11D3-BF4B-00C04F79EFBC}") = "Microsoft.DotNet.Scaffolding.Roslyn", "src\dotnet-scaffolding\Microsoft.DotNet.Scaffolding.Roslyn\Microsoft.DotNet.Scaffolding.Roslyn.csproj", "{205668FD-D12F-4538-9322-7B1FE678EA8A}"
EndProject
Global
	GlobalSection(SolutionConfigurationPlatforms) = preSolution
		Debug|Any CPU = Debug|Any CPU
		Debug|x64 = Debug|x64
		Debug|x86 = Debug|x86
		Release|Any CPU = Release|Any CPU
		Release|x64 = Release|x64
		Release|x86 = Release|x86
	EndGlobalSection
	GlobalSection(ProjectConfigurationPlatforms) = postSolution
		{17A1359A-DF7E-486C-A920-A981ECA088A1}.Debug|Any CPU.ActiveCfg = Debug|Any CPU
		{17A1359A-DF7E-486C-A920-A981ECA088A1}.Debug|Any CPU.Build.0 = Debug|Any CPU
		{17A1359A-DF7E-486C-A920-A981ECA088A1}.Debug|x64.ActiveCfg = Debug|Any CPU
		{17A1359A-DF7E-486C-A920-A981ECA088A1}.Debug|x64.Build.0 = Debug|Any CPU
		{17A1359A-DF7E-486C-A920-A981ECA088A1}.Debug|x86.ActiveCfg = Debug|Any CPU
		{17A1359A-DF7E-486C-A920-A981ECA088A1}.Debug|x86.Build.0 = Debug|Any CPU
		{17A1359A-DF7E-486C-A920-A981ECA088A1}.Release|Any CPU.ActiveCfg = Release|Any CPU
		{17A1359A-DF7E-486C-A920-A981ECA088A1}.Release|Any CPU.Build.0 = Release|Any CPU
		{17A1359A-DF7E-486C-A920-A981ECA088A1}.Release|x64.ActiveCfg = Release|Any CPU
		{17A1359A-DF7E-486C-A920-A981ECA088A1}.Release|x64.Build.0 = Release|Any CPU
		{17A1359A-DF7E-486C-A920-A981ECA088A1}.Release|x86.ActiveCfg = Release|Any CPU
		{17A1359A-DF7E-486C-A920-A981ECA088A1}.Release|x86.Build.0 = Release|Any CPU
		{BADB1507-47E9-4C08-8E36-0AF0D757E515}.Debug|Any CPU.ActiveCfg = Debug|Any CPU
		{BADB1507-47E9-4C08-8E36-0AF0D757E515}.Debug|Any CPU.Build.0 = Debug|Any CPU
		{BADB1507-47E9-4C08-8E36-0AF0D757E515}.Debug|x64.ActiveCfg = Debug|Any CPU
		{BADB1507-47E9-4C08-8E36-0AF0D757E515}.Debug|x64.Build.0 = Debug|Any CPU
		{BADB1507-47E9-4C08-8E36-0AF0D757E515}.Debug|x86.ActiveCfg = Debug|Any CPU
		{BADB1507-47E9-4C08-8E36-0AF0D757E515}.Debug|x86.Build.0 = Debug|Any CPU
		{BADB1507-47E9-4C08-8E36-0AF0D757E515}.Release|Any CPU.ActiveCfg = Release|Any CPU
		{BADB1507-47E9-4C08-8E36-0AF0D757E515}.Release|Any CPU.Build.0 = Release|Any CPU
		{BADB1507-47E9-4C08-8E36-0AF0D757E515}.Release|x64.ActiveCfg = Release|Any CPU
		{BADB1507-47E9-4C08-8E36-0AF0D757E515}.Release|x64.Build.0 = Release|Any CPU
		{BADB1507-47E9-4C08-8E36-0AF0D757E515}.Release|x86.ActiveCfg = Release|Any CPU
		{BADB1507-47E9-4C08-8E36-0AF0D757E515}.Release|x86.Build.0 = Release|Any CPU
		{DA4E4A61-201A-49B6-A61A-DCD0AA50FC98}.Debug|Any CPU.ActiveCfg = Debug|Any CPU
		{DA4E4A61-201A-49B6-A61A-DCD0AA50FC98}.Debug|Any CPU.Build.0 = Debug|Any CPU
		{DA4E4A61-201A-49B6-A61A-DCD0AA50FC98}.Debug|x64.ActiveCfg = Debug|Any CPU
		{DA4E4A61-201A-49B6-A61A-DCD0AA50FC98}.Debug|x64.Build.0 = Debug|Any CPU
		{DA4E4A61-201A-49B6-A61A-DCD0AA50FC98}.Debug|x86.ActiveCfg = Debug|Any CPU
		{DA4E4A61-201A-49B6-A61A-DCD0AA50FC98}.Debug|x86.Build.0 = Debug|Any CPU
		{DA4E4A61-201A-49B6-A61A-DCD0AA50FC98}.Release|Any CPU.ActiveCfg = Release|Any CPU
		{DA4E4A61-201A-49B6-A61A-DCD0AA50FC98}.Release|Any CPU.Build.0 = Release|Any CPU
		{DA4E4A61-201A-49B6-A61A-DCD0AA50FC98}.Release|x64.ActiveCfg = Release|Any CPU
		{DA4E4A61-201A-49B6-A61A-DCD0AA50FC98}.Release|x64.Build.0 = Release|Any CPU
		{DA4E4A61-201A-49B6-A61A-DCD0AA50FC98}.Release|x86.ActiveCfg = Release|Any CPU
		{DA4E4A61-201A-49B6-A61A-DCD0AA50FC98}.Release|x86.Build.0 = Release|Any CPU
		{EC6A518D-F023-48D5-9310-242488F2B161}.Debug|Any CPU.ActiveCfg = Debug|Any CPU
		{EC6A518D-F023-48D5-9310-242488F2B161}.Debug|Any CPU.Build.0 = Debug|Any CPU
		{EC6A518D-F023-48D5-9310-242488F2B161}.Debug|x64.ActiveCfg = Debug|Any CPU
		{EC6A518D-F023-48D5-9310-242488F2B161}.Debug|x64.Build.0 = Debug|Any CPU
		{EC6A518D-F023-48D5-9310-242488F2B161}.Debug|x86.ActiveCfg = Debug|Any CPU
		{EC6A518D-F023-48D5-9310-242488F2B161}.Debug|x86.Build.0 = Debug|Any CPU
		{EC6A518D-F023-48D5-9310-242488F2B161}.Release|Any CPU.ActiveCfg = Release|Any CPU
		{EC6A518D-F023-48D5-9310-242488F2B161}.Release|Any CPU.Build.0 = Release|Any CPU
		{EC6A518D-F023-48D5-9310-242488F2B161}.Release|x64.ActiveCfg = Release|Any CPU
		{EC6A518D-F023-48D5-9310-242488F2B161}.Release|x64.Build.0 = Release|Any CPU
		{EC6A518D-F023-48D5-9310-242488F2B161}.Release|x86.ActiveCfg = Release|Any CPU
		{EC6A518D-F023-48D5-9310-242488F2B161}.Release|x86.Build.0 = Release|Any CPU
		{205668FD-D12F-4538-9322-7B1FE678EA8A}.Debug|Any CPU.ActiveCfg = Debug|Any CPU
		{205668FD-D12F-4538-9322-7B1FE678EA8A}.Debug|Any CPU.Build.0 = Debug|Any CPU
		{205668FD-D12F-4538-9322-7B1FE678EA8A}.Debug|x64.ActiveCfg = Debug|Any CPU
		{205668FD-D12F-4538-9322-7B1FE678EA8A}.Debug|x64.Build.0 = Debug|Any CPU
		{205668FD-D12F-4538-9322-7B1FE678EA8A}.Debug|x86.ActiveCfg = Debug|Any CPU
		{205668FD-D12F-4538-9322-7B1FE678EA8A}.Debug|x86.Build.0 = Debug|Any CPU
		{205668FD-D12F-4538-9322-7B1FE678EA8A}.Release|Any CPU.ActiveCfg = Release|Any CPU
		{205668FD-D12F-4538-9322-7B1FE678EA8A}.Release|Any CPU.Build.0 = Release|Any CPU
		{205668FD-D12F-4538-9322-7B1FE678EA8A}.Release|x64.ActiveCfg = Release|Any CPU
		{205668FD-D12F-4538-9322-7B1FE678EA8A}.Release|x64.Build.0 = Release|Any CPU
		{205668FD-D12F-4538-9322-7B1FE678EA8A}.Release|x86.ActiveCfg = Release|Any CPU
		{205668FD-D12F-4538-9322-7B1FE678EA8A}.Release|x86.Build.0 = Release|Any CPU
	EndGlobalSection
	GlobalSection(SolutionProperties) = preSolution
		HideSolutionNode = FALSE
	EndGlobalSection
	GlobalSection(NestedProjects) = preSolution
		{26228072-E9ED-5FF3-8592-00D8FE7C7825} = {0C88DD14-F956-CE84-757C-A364CCF449FC}
		{17A1359A-DF7E-486C-A920-A981ECA088A1} = {26228072-E9ED-5FF3-8592-00D8FE7C7825}
		{AA7B2A93-3DD2-667E-C93F-97A20842B6E4} = {827E0CD3-B72D-47B6-A68D-7590B98EB39B}
		{BADB1507-47E9-4C08-8E36-0AF0D757E515} = {AA7B2A93-3DD2-667E-C93F-97A20842B6E4}
		{DA4E4A61-201A-49B6-A61A-DCD0AA50FC98} = {AA7B2A93-3DD2-667E-C93F-97A20842B6E4}
		{EC6A518D-F023-48D5-9310-242488F2B161} = {AA7B2A93-3DD2-667E-C93F-97A20842B6E4}
		{205668FD-D12F-4538-9322-7B1FE678EA8A} = {AA7B2A93-3DD2-667E-C93F-97A20842B6E4}
	EndGlobalSection
EndGlobal
