
Microsoft Visual Studio Solution File, Format Version 12.00
# Visual Studio 14
VisualStudioVersion = 14.0.21921.0
MinimumVisualStudioVersion = 10.0.40219.1
Project("{8BB2217D-0F2D-49D1-97BC-3654ED321F3B}") = "Microsoft.Framework.CodeGeneration", "src\Microsoft.Framework.CodeGeneration\Microsoft.Framework.CodeGeneration.kproj", "{BEB0BFF7-79A2-4C9C-8E45-C389161C2925}"
EndProject
Project("{2150E333-8FDC-42A3-9474-1A3956D46DE8}") = "src", "src", "{B6CF7723-2947-411F-9AF1-35C09FAE514E}"
EndProject
Project("{8BB2217D-0F2D-49D1-97BC-3654ED321F3B}") = "Microsoft.Framework.CodeGeneration.Core", "src\Microsoft.Framework.CodeGeneration.Core\Microsoft.Framework.CodeGeneration.Core.kproj", "{A48C047E-8F94-42A5-BD19-97DFF077E6B1}"
EndProject
Project("{2150E333-8FDC-42A3-9474-1A3956D46DE8}") = "Solution Items", "Solution Items", "{24331273-18CC-41BD-BB15-8FEC9CD42FBE}"
	ProjectSection(SolutionItems) = preProject
		.gitattributes = .gitattributes
		.gitignore = .gitignore
		global.json = global.json
		LICENSE.txt = LICENSE.txt
		NuGet.Config = NuGet.Config
		README.md = README.md
	EndProjectSection
EndProject
Project("{8BB2217D-0F2D-49D1-97BC-3654ED321F3B}") = "Microsoft.Framework.CodeGeneration.Common", "src\Microsoft.Framework.CodeGeneration.Common\Microsoft.Framework.CodeGeneration.Common.kproj", "{0C4475BF-40EA-46A8-B8DA-2FCF3747B773}"
EndProject
Project("{2150E333-8FDC-42A3-9474-1A3956D46DE8}") = "samples", "samples", "{47CC369A-04E7-4A42-BC80-DE4FAC80885B}"
EndProject
Project("{8BB2217D-0F2D-49D1-97BC-3654ED321F3B}") = "TestWebApp", "samples\TestWebApp\TestWebApp.kproj", "{F6D80875-612D-4AA1-BFCF-E83318BA6A88}"
EndProject
Project("{2150E333-8FDC-42A3-9474-1A3956D46DE8}") = "test", "test", "{49FBAACE-59AC-4F83-90BA-7300DBA09F11}"
EndProject
Project("{8BB2217D-0F2D-49D1-97BC-3654ED321F3B}") = "Microsoft.Framework.CodeGeneration.Core.Test", "test\Microsoft.Framework.CodeGeneration.Core.Test\Microsoft.Framework.CodeGeneration.Core.Test.kproj", "{711EDEE0-E390-4A66-B0FD-AE058383B63A}"
EndProject
Project("{8BB2217D-0F2D-49D1-97BC-3654ED321F3B}") = "Microsoft.Framework.CodeGeneration.Templating", "src\Microsoft.Framework.CodeGeneration.Templating\Microsoft.Framework.CodeGeneration.Templating.kproj", "{FC8487B6-D0AA-4121-B23E-9ACDF134520B}"
EndProject
Project("{8BB2217D-0F2D-49D1-97BC-3654ED321F3B}") = "Microsoft.Framework.CodeGeneration.Templating.Test", "test\Microsoft.Framework.CodeGeneration.Templating.Test\Microsoft.Framework.CodeGeneration.Templating.Test.kproj", "{7D5EE65F-3AB5-49CB-AC41-11EF8AAFDC9F}"
EndProject
Project("{8BB2217D-0F2D-49D1-97BC-3654ED321F3B}") = "Microsoft.Framework.CodeGeneration.Core.FunctionalTest", "test\Microsoft.Framework.CodeGeneration.Core.FunctionalTest\Microsoft.Framework.CodeGeneration.Core.FunctionalTest.kproj", "{84B1175D-923C-48E0-982B-3CB66B7C603D}"
EndProject
Project("{8BB2217D-0F2D-49D1-97BC-3654ED321F3B}") = "ModelTypesLocatorTestWebApp", "test\TestApps\ModelTypesLocatorTestWebApp\ModelTypesLocatorTestWebApp.kproj", "{3BFF833B-6E1B-4A0A-85E3-545DE528B66D}"
EndProject
Project("{2150E333-8FDC-42A3-9474-1A3956D46DE8}") = "TestApps", "TestApps", "{40F75CAB-26AB-4BC4-8DC3-B401046EA5FC}"
EndProject
Project("{8BB2217D-0F2D-49D1-97BC-3654ED321F3B}") = "ModelTypesLocatorTestClassLibrary", "test\TestApps\ModelTypesLocatorTestClassLibrary\ModelTypesLocatorTestClassLibrary.kproj", "{F6C4B32C-5F1A-4381-A763-E171F713732B}"
EndProject
Project("{8BB2217D-0F2D-49D1-97BC-3654ED321F3B}") = "Microsoft.Framework.CodeGeneration.EntityFramework", "src\Microsoft.Framework.CodeGeneration.EntityFramework\Microsoft.Framework.CodeGeneration.EntityFramework.kproj", "{8E52113B-F68A-444A-893D-E669ACCB998D}"
EndProject
Project("{8BB2217D-0F2D-49D1-97BC-3654ED321F3B}") = "Microsoft.Framework.CodeGenerators.Mvc", "src\Microsoft.Framework.CodeGenerators.Mvc\Microsoft.Framework.CodeGenerators.Mvc.kproj", "{9387DE6F-2956-4AF3-ABB1-C0647F793DBB}"
EndProject
Global
	GlobalSection(SolutionConfigurationPlatforms) = preSolution
		Debug|Any CPU = Debug|Any CPU
		Release|Any CPU = Release|Any CPU
	EndGlobalSection
	GlobalSection(ProjectConfigurationPlatforms) = postSolution
		{BEB0BFF7-79A2-4C9C-8E45-C389161C2925}.Debug|Any CPU.ActiveCfg = Debug|Any CPU
		{BEB0BFF7-79A2-4C9C-8E45-C389161C2925}.Debug|Any CPU.Build.0 = Debug|Any CPU
		{BEB0BFF7-79A2-4C9C-8E45-C389161C2925}.Release|Any CPU.ActiveCfg = Release|Any CPU
		{BEB0BFF7-79A2-4C9C-8E45-C389161C2925}.Release|Any CPU.Build.0 = Release|Any CPU
		{A48C047E-8F94-42A5-BD19-97DFF077E6B1}.Debug|Any CPU.ActiveCfg = Debug|Any CPU
		{A48C047E-8F94-42A5-BD19-97DFF077E6B1}.Debug|Any CPU.Build.0 = Debug|Any CPU
		{A48C047E-8F94-42A5-BD19-97DFF077E6B1}.Release|Any CPU.ActiveCfg = Release|Any CPU
		{A48C047E-8F94-42A5-BD19-97DFF077E6B1}.Release|Any CPU.Build.0 = Release|Any CPU
		{0C4475BF-40EA-46A8-B8DA-2FCF3747B773}.Debug|Any CPU.ActiveCfg = Debug|Any CPU
		{0C4475BF-40EA-46A8-B8DA-2FCF3747B773}.Debug|Any CPU.Build.0 = Debug|Any CPU
		{0C4475BF-40EA-46A8-B8DA-2FCF3747B773}.Release|Any CPU.ActiveCfg = Release|Any CPU
		{0C4475BF-40EA-46A8-B8DA-2FCF3747B773}.Release|Any CPU.Build.0 = Release|Any CPU
		{F6D80875-612D-4AA1-BFCF-E83318BA6A88}.Debug|Any CPU.ActiveCfg = Debug|Any CPU
		{F6D80875-612D-4AA1-BFCF-E83318BA6A88}.Debug|Any CPU.Build.0 = Debug|Any CPU
		{F6D80875-612D-4AA1-BFCF-E83318BA6A88}.Release|Any CPU.ActiveCfg = Release|Any CPU
		{F6D80875-612D-4AA1-BFCF-E83318BA6A88}.Release|Any CPU.Build.0 = Release|Any CPU
		{711EDEE0-E390-4A66-B0FD-AE058383B63A}.Debug|Any CPU.ActiveCfg = Debug|Any CPU
		{711EDEE0-E390-4A66-B0FD-AE058383B63A}.Debug|Any CPU.Build.0 = Debug|Any CPU
		{711EDEE0-E390-4A66-B0FD-AE058383B63A}.Release|Any CPU.ActiveCfg = Release|Any CPU
		{711EDEE0-E390-4A66-B0FD-AE058383B63A}.Release|Any CPU.Build.0 = Release|Any CPU
		{FC8487B6-D0AA-4121-B23E-9ACDF134520B}.Debug|Any CPU.ActiveCfg = Debug|Any CPU
		{FC8487B6-D0AA-4121-B23E-9ACDF134520B}.Debug|Any CPU.Build.0 = Debug|Any CPU
		{FC8487B6-D0AA-4121-B23E-9ACDF134520B}.Release|Any CPU.ActiveCfg = Release|Any CPU
		{FC8487B6-D0AA-4121-B23E-9ACDF134520B}.Release|Any CPU.Build.0 = Release|Any CPU
		{7D5EE65F-3AB5-49CB-AC41-11EF8AAFDC9F}.Debug|Any CPU.ActiveCfg = Debug|Any CPU
		{7D5EE65F-3AB5-49CB-AC41-11EF8AAFDC9F}.Debug|Any CPU.Build.0 = Debug|Any CPU
		{7D5EE65F-3AB5-49CB-AC41-11EF8AAFDC9F}.Release|Any CPU.ActiveCfg = Release|Any CPU
		{7D5EE65F-3AB5-49CB-AC41-11EF8AAFDC9F}.Release|Any CPU.Build.0 = Release|Any CPU
		{84B1175D-923C-48E0-982B-3CB66B7C603D}.Debug|Any CPU.ActiveCfg = Debug|Any CPU
		{84B1175D-923C-48E0-982B-3CB66B7C603D}.Debug|Any CPU.Build.0 = Debug|Any CPU
		{84B1175D-923C-48E0-982B-3CB66B7C603D}.Release|Any CPU.ActiveCfg = Release|Any CPU
		{84B1175D-923C-48E0-982B-3CB66B7C603D}.Release|Any CPU.Build.0 = Release|Any CPU
		{3BFF833B-6E1B-4A0A-85E3-545DE528B66D}.Debug|Any CPU.ActiveCfg = Debug|Any CPU
		{3BFF833B-6E1B-4A0A-85E3-545DE528B66D}.Debug|Any CPU.Build.0 = Debug|Any CPU
		{3BFF833B-6E1B-4A0A-85E3-545DE528B66D}.Release|Any CPU.ActiveCfg = Release|Any CPU
		{3BFF833B-6E1B-4A0A-85E3-545DE528B66D}.Release|Any CPU.Build.0 = Release|Any CPU
		{F6C4B32C-5F1A-4381-A763-E171F713732B}.Debug|Any CPU.ActiveCfg = Debug|Any CPU
		{F6C4B32C-5F1A-4381-A763-E171F713732B}.Debug|Any CPU.Build.0 = Debug|Any CPU
		{F6C4B32C-5F1A-4381-A763-E171F713732B}.Release|Any CPU.ActiveCfg = Release|Any CPU
		{F6C4B32C-5F1A-4381-A763-E171F713732B}.Release|Any CPU.Build.0 = Release|Any CPU
		{8E52113B-F68A-444A-893D-E669ACCB998D}.Debug|Any CPU.ActiveCfg = Debug|Any CPU
		{8E52113B-F68A-444A-893D-E669ACCB998D}.Debug|Any CPU.Build.0 = Debug|Any CPU
		{8E52113B-F68A-444A-893D-E669ACCB998D}.Release|Any CPU.ActiveCfg = Release|Any CPU
		{8E52113B-F68A-444A-893D-E669ACCB998D}.Release|Any CPU.Build.0 = Release|Any CPU
		{9387DE6F-2956-4AF3-ABB1-C0647F793DBB}.Debug|Any CPU.ActiveCfg = Debug|Any CPU
		{9387DE6F-2956-4AF3-ABB1-C0647F793DBB}.Debug|Any CPU.Build.0 = Debug|Any CPU
		{9387DE6F-2956-4AF3-ABB1-C0647F793DBB}.Release|Any CPU.ActiveCfg = Release|Any CPU
		{9387DE6F-2956-4AF3-ABB1-C0647F793DBB}.Release|Any CPU.Build.0 = Release|Any CPU
	EndGlobalSection
	GlobalSection(SolutionProperties) = preSolution
		HideSolutionNode = FALSE
	EndGlobalSection
	GlobalSection(NestedProjects) = preSolution
		{BEB0BFF7-79A2-4C9C-8E45-C389161C2925} = {B6CF7723-2947-411F-9AF1-35C09FAE514E}
		{A48C047E-8F94-42A5-BD19-97DFF077E6B1} = {B6CF7723-2947-411F-9AF1-35C09FAE514E}
		{0C4475BF-40EA-46A8-B8DA-2FCF3747B773} = {B6CF7723-2947-411F-9AF1-35C09FAE514E}
		{F6D80875-612D-4AA1-BFCF-E83318BA6A88} = {47CC369A-04E7-4A42-BC80-DE4FAC80885B}
		{711EDEE0-E390-4A66-B0FD-AE058383B63A} = {49FBAACE-59AC-4F83-90BA-7300DBA09F11}
		{FC8487B6-D0AA-4121-B23E-9ACDF134520B} = {B6CF7723-2947-411F-9AF1-35C09FAE514E}
		{7D5EE65F-3AB5-49CB-AC41-11EF8AAFDC9F} = {49FBAACE-59AC-4F83-90BA-7300DBA09F11}
		{84B1175D-923C-48E0-982B-3CB66B7C603D} = {49FBAACE-59AC-4F83-90BA-7300DBA09F11}
		{3BFF833B-6E1B-4A0A-85E3-545DE528B66D} = {40F75CAB-26AB-4BC4-8DC3-B401046EA5FC}
		{40F75CAB-26AB-4BC4-8DC3-B401046EA5FC} = {49FBAACE-59AC-4F83-90BA-7300DBA09F11}
		{F6C4B32C-5F1A-4381-A763-E171F713732B} = {40F75CAB-26AB-4BC4-8DC3-B401046EA5FC}
		{8E52113B-F68A-444A-893D-E669ACCB998D} = {B6CF7723-2947-411F-9AF1-35C09FAE514E}
		{9387DE6F-2956-4AF3-ABB1-C0647F793DBB} = {B6CF7723-2947-411F-9AF1-35C09FAE514E}
	EndGlobalSection
EndGlobal
