
Microsoft Visual Studio Solution File, Format Version 12.00
# Visual Studio 15
VisualStudioVersion = 15.0.26214.1
MinimumVisualStudioVersion = 10.0.40219.1
Project("{2150E333-8FDC-42A3-9474-1A3956D46DE8}") = "src", "src", "{A4057ACF-27F0-4724-963B-44548B6BC4E9}"
EndProject
Project("{2150E333-8FDC-42A3-9474-1A3956D46DE8}") = "test", "test", "{81B64EBF-613D-43AE-82DA-B375FB751921}"
EndProject
Project("{2150E333-8FDC-42A3-9474-1A3956D46DE8}") = "TestApps", "TestApps", "{95C6F0B4-1687-4C36-90BF-1362CAB06524}"
EndProject
Project("{2150E333-8FDC-42A3-9474-1A3956D46DE8}") = "Solution Items", "Solution Items", "{98547032-3A5C-4368-8168-D48DB6E9B30F}"
	ProjectSection(SolutionItems) = preProject
		.gitattributes = .gitattributes
		.gitignore = .gitignore
		.travis.yml = .travis.yml
		appveyor.yml = appveyor.yml
		backup_build.ps1 = backup_build.ps1
		build.cmd = build.cmd
		build.ps1 = build.ps1
		build.sh = build.sh
		CONTRIBUTING.md = CONTRIBUTING.md
		dir = dir
		LICENSE.txt = LICENSE.txt
		makefile.shade = makefile.shade
		NuGet.config = NuGet.config
		NuGetPackageVerifier.json = NuGetPackageVerifier.json
		README.md = README.md
	EndProjectSection
EndProject
Project("{9A19103F-16F7-4668-BE54-9A1E7A4F7556}") = "Microsoft.VisualStudio.Web.CodeGenerators.Mvc", "src\Microsoft.VisualStudio.Web.CodeGenerators.Mvc\Microsoft.VisualStudio.Web.CodeGenerators.Mvc.csproj", "{3E99E653-6B31-45CF-9B3A-30EEE497BE13}"
EndProject
Project("{9A19103F-16F7-4668-BE54-9A1E7A4F7556}") = "Microsoft.VisualStudio.Web.CodeGeneration.Utils", "src\Microsoft.VisualStudio.Web.CodeGeneration.Utils\Microsoft.VisualStudio.Web.CodeGeneration.Utils.csproj", "{121FD6A8-6A7C-405A-B223-D3991D07D6E4}"
EndProject
Project("{9A19103F-16F7-4668-BE54-9A1E7A4F7556}") = "Microsoft.VisualStudio.Web.CodeGeneration.Tools", "src\Microsoft.VisualStudio.Web.CodeGeneration.Tools\Microsoft.VisualStudio.Web.CodeGeneration.Tools.csproj", "{FBBAA490-5752-41E0-A7ED-9B96F06B661E}"
EndProject
Project("{9A19103F-16F7-4668-BE54-9A1E7A4F7556}") = "Microsoft.VisualStudio.Web.CodeGeneration.Templating", "src\Microsoft.VisualStudio.Web.CodeGeneration.Templating\Microsoft.VisualStudio.Web.CodeGeneration.Templating.csproj", "{5041A3DC-CBBF-4615-99B1-781B641BCC01}"
EndProject
Project("{9A19103F-16F7-4668-BE54-9A1E7A4F7556}") = "Microsoft.VisualStudio.Web.CodeGeneration.Msbuild", "src\Microsoft.VisualStudio.Web.CodeGeneration.Msbuild\Microsoft.VisualStudio.Web.CodeGeneration.Msbuild.csproj", "{4524AF86-DEEC-48DF-B613-EDCF1212047B}"
EndProject
Project("{9A19103F-16F7-4668-BE54-9A1E7A4F7556}") = "Microsoft.VisualStudio.Web.CodeGeneration.EntityFrameworkCore", "src\Microsoft.VisualStudio.Web.CodeGeneration.EntityFrameworkCore\Microsoft.VisualStudio.Web.CodeGeneration.EntityFrameworkCore.csproj", "{D798406A-9D72-434E-82FF-38AA0D946AE9}"
EndProject
Project("{9A19103F-16F7-4668-BE54-9A1E7A4F7556}") = "Microsoft.VisualStudio.Web.CodeGeneration.Design", "src\Microsoft.VisualStudio.Web.CodeGeneration.Design\Microsoft.VisualStudio.Web.CodeGeneration.Design.csproj", "{AF3DE3DB-6FCD-459B-A413-70229C5AA34F}"
EndProject
Project("{9A19103F-16F7-4668-BE54-9A1E7A4F7556}") = "Microsoft.VisualStudio.Web.CodeGeneration.Core", "src\Microsoft.VisualStudio.Web.CodeGeneration.Core\Microsoft.VisualStudio.Web.CodeGeneration.Core.csproj", "{E44DFA05-387E-44A9-8F5D-89EA9AAED43F}"
EndProject
Project("{9A19103F-16F7-4668-BE54-9A1E7A4F7556}") = "Microsoft.VisualStudio.Web.CodeGeneration", "src\Microsoft.VisualStudio.Web.CodeGeneration\Microsoft.VisualStudio.Web.CodeGeneration.csproj", "{98D140A5-7719-4B03-B696-C5294B3CAD64}"
EndProject
Project("{9A19103F-16F7-4668-BE54-9A1E7A4F7556}") = "E2E_Test", "test\E2E_Test\E2E_Test.csproj", "{976D7EFB-E15E-49A0-A420-47246A294320}"
EndProject
Project("{9A19103F-16F7-4668-BE54-9A1E7A4F7556}") = "Microsoft.Extensions.ProjectModel.Tests", "test\Microsoft.Extensions.ProjectModel.Tests\Microsoft.Extensions.ProjectModel.Tests.csproj", "{AA84CF7B-0C63-4909-9371-C2B85D304A68}"
EndProject
Project("{9A19103F-16F7-4668-BE54-9A1E7A4F7556}") = "Microsoft.VisualStudio.Web.CodeGeneration.Core.FunctionalTest", "test\Microsoft.VisualStudio.Web.CodeGeneration.Core.FunctionalTest\Microsoft.VisualStudio.Web.CodeGeneration.Core.FunctionalTest.csproj", "{0037B7ED-05D3-44BF-848D-475BE6E25042}"
EndProject
Project("{9A19103F-16F7-4668-BE54-9A1E7A4F7556}") = "Microsoft.VisualStudio.Web.CodeGeneration.Core.Test", "test\Microsoft.VisualStudio.Web.CodeGeneration.Core.Test\Microsoft.VisualStudio.Web.CodeGeneration.Core.Test.csproj", "{B1E6D126-898E-4FBF-9239-DF8A83D59F6E}"
EndProject
Project("{9A19103F-16F7-4668-BE54-9A1E7A4F7556}") = "Microsoft.VisualStudio.Web.CodeGeneration.EntityFrameworkCore.Test", "test\Microsoft.VisualStudio.Web.CodeGeneration.EntityFrameworkCore.Test\Microsoft.VisualStudio.Web.CodeGeneration.EntityFrameworkCore.Test.csproj", "{AE46E3E2-E6F3-4D9B-BA0C-9FB15F7C4A3C}"
EndProject
Project("{9A19103F-16F7-4668-BE54-9A1E7A4F7556}") = "Microsoft.VisualStudio.Web.CodeGeneration.Sources.Test", "test\Microsoft.VisualStudio.Web.CodeGeneration.Sources.Test\Microsoft.VisualStudio.Web.CodeGeneration.Sources.Test.csproj", "{47C1796A-7CAE-4CC1-84CB-7E94ABBF5E62}"
EndProject
Project("{9A19103F-16F7-4668-BE54-9A1E7A4F7556}") = "Microsoft.VisualStudio.Web.CodeGeneration.Templating.Test", "test\Microsoft.VisualStudio.Web.CodeGeneration.Templating.Test\Microsoft.VisualStudio.Web.CodeGeneration.Templating.Test.csproj", "{0E2E48BA-005C-4E7B-992C-B476A3386186}"
EndProject
Project("{9A19103F-16F7-4668-BE54-9A1E7A4F7556}") = "Microsoft.VisualStudio.Web.CodeGeneration.Tools.Test", "test\Microsoft.VisualStudio.Web.CodeGeneration.Tools.Test\Microsoft.VisualStudio.Web.CodeGeneration.Tools.Test.csproj", "{53D14FA5-EEBD-4EBF-A728-1A4CDC22B581}"
EndProject
Project("{9A19103F-16F7-4668-BE54-9A1E7A4F7556}") = "Microsoft.VisualStudio.Web.CodeGenerators.Mvc.Test", "test\Microsoft.VisualStudio.Web.CodeGenerators.Mvc.Test\Microsoft.VisualStudio.Web.CodeGenerators.Mvc.Test.csproj", "{960602CF-A019-4C6B-ABD3-1C08C70A0005}"
EndProject
Project("{9A19103F-16F7-4668-BE54-9A1E7A4F7556}") = "ModelTypesLocatorTestWebApp", "test\TestApps\ModelTypesLocatorTestWebApp\ModelTypesLocatorTestWebApp.csproj", "{61EDA55A-5CB5-4C73-882D-D496D9623CD1}"
EndProject
Project("{9A19103F-16F7-4668-BE54-9A1E7A4F7556}") = "ModelTypesLocatorTestClassLibrary", "test\TestApps\ModelTypesLocatorTestClassLibrary\ModelTypesLocatorTestClassLibrary.csproj", "{DCA0AAF8-72B1-4F0E-90B3-66F7CCF0A854}"
EndProject
Project("{9A19103F-16F7-4668-BE54-9A1E7A4F7556}") = "ClassLibrary2", "test\TestApps\ClassLibrary2\ClassLibrary2.csproj", "{F4D4C65F-FAF0-4094-83AF-A4A7B74FE86E}"
EndProject
Project("{9A19103F-16F7-4668-BE54-9A1E7A4F7556}") = "ClassLibrary1", "test\TestApps\ClassLibrary1\ClassLibrary1.csproj", "{1DD609A3-870C-4C1C-AB41-32ACBF292C16}"
EndProject
Project("{9A19103F-16F7-4668-BE54-9A1E7A4F7556}") = "Microsoft.VisualStudio.Web.CodeGeneration.MSBuild.Test", "test\Microsoft.VisualStudio.Web.CodeGeneration.MSBuild.Test\Microsoft.VisualStudio.Web.CodeGeneration.MSBuild.Test.csproj", "{6C1398FF-A8C1-45A9-9796-6A60B2B011E1}"
EndProject
Project("{FAE04EC0-301F-11D3-BF4B-00C04F79EFBC}") = "Microsoft.VisualStudio.Web.CodeGeneration.Contracts", "src\Microsoft.VisualStudio.Web.CodeGeneration.Contracts\Microsoft.VisualStudio.Web.CodeGeneration.Contracts.csproj", "{315EDEE3-EB23-4019-958D-C1EEA5F1DA18}"
EndProject
Global
	GlobalSection(SolutionConfigurationPlatforms) = preSolution
		debug_x86|Any CPU = debug_x86|Any CPU
		debug_x86|x64 = debug_x86|x64
		debug_x86|x86 = debug_x86|x86
		Debug|Any CPU = Debug|Any CPU
		Debug|x64 = Debug|x64
		Debug|x86 = Debug|x86
		Release|Any CPU = Release|Any CPU
		Release|x64 = Release|x64
		Release|x86 = Release|x86
	EndGlobalSection
	GlobalSection(ProjectConfigurationPlatforms) = postSolution
		{3E99E653-6B31-45CF-9B3A-30EEE497BE13}.debug_x86|Any CPU.ActiveCfg = Debug|Any CPU
		{3E99E653-6B31-45CF-9B3A-30EEE497BE13}.debug_x86|Any CPU.Build.0 = Debug|Any CPU
		{3E99E653-6B31-45CF-9B3A-30EEE497BE13}.debug_x86|x64.ActiveCfg = Debug|Any CPU
		{3E99E653-6B31-45CF-9B3A-30EEE497BE13}.debug_x86|x64.Build.0 = Debug|Any CPU
		{3E99E653-6B31-45CF-9B3A-30EEE497BE13}.debug_x86|x86.ActiveCfg = Debug|Any CPU
		{3E99E653-6B31-45CF-9B3A-30EEE497BE13}.debug_x86|x86.Build.0 = Debug|Any CPU
		{3E99E653-6B31-45CF-9B3A-30EEE497BE13}.Debug|Any CPU.ActiveCfg = Debug|Any CPU
		{3E99E653-6B31-45CF-9B3A-30EEE497BE13}.Debug|Any CPU.Build.0 = Debug|Any CPU
		{3E99E653-6B31-45CF-9B3A-30EEE497BE13}.Debug|x64.ActiveCfg = Debug|Any CPU
		{3E99E653-6B31-45CF-9B3A-30EEE497BE13}.Debug|x64.Build.0 = Debug|Any CPU
		{3E99E653-6B31-45CF-9B3A-30EEE497BE13}.Debug|x86.ActiveCfg = Debug|Any CPU
		{3E99E653-6B31-45CF-9B3A-30EEE497BE13}.Debug|x86.Build.0 = Debug|Any CPU
		{3E99E653-6B31-45CF-9B3A-30EEE497BE13}.Release|Any CPU.ActiveCfg = Release|Any CPU
		{3E99E653-6B31-45CF-9B3A-30EEE497BE13}.Release|Any CPU.Build.0 = Release|Any CPU
		{3E99E653-6B31-45CF-9B3A-30EEE497BE13}.Release|x64.ActiveCfg = Release|Any CPU
		{3E99E653-6B31-45CF-9B3A-30EEE497BE13}.Release|x64.Build.0 = Release|Any CPU
		{3E99E653-6B31-45CF-9B3A-30EEE497BE13}.Release|x86.ActiveCfg = Release|Any CPU
		{3E99E653-6B31-45CF-9B3A-30EEE497BE13}.Release|x86.Build.0 = Release|Any CPU
		{121FD6A8-6A7C-405A-B223-D3991D07D6E4}.debug_x86|Any CPU.ActiveCfg = Debug|Any CPU
		{121FD6A8-6A7C-405A-B223-D3991D07D6E4}.debug_x86|Any CPU.Build.0 = Debug|Any CPU
		{121FD6A8-6A7C-405A-B223-D3991D07D6E4}.debug_x86|x64.ActiveCfg = Debug|Any CPU
		{121FD6A8-6A7C-405A-B223-D3991D07D6E4}.debug_x86|x64.Build.0 = Debug|Any CPU
		{121FD6A8-6A7C-405A-B223-D3991D07D6E4}.debug_x86|x86.ActiveCfg = Debug|Any CPU
		{121FD6A8-6A7C-405A-B223-D3991D07D6E4}.debug_x86|x86.Build.0 = Debug|Any CPU
		{121FD6A8-6A7C-405A-B223-D3991D07D6E4}.Debug|Any CPU.ActiveCfg = Debug|Any CPU
		{121FD6A8-6A7C-405A-B223-D3991D07D6E4}.Debug|Any CPU.Build.0 = Debug|Any CPU
		{121FD6A8-6A7C-405A-B223-D3991D07D6E4}.Debug|x64.ActiveCfg = Debug|Any CPU
		{121FD6A8-6A7C-405A-B223-D3991D07D6E4}.Debug|x64.Build.0 = Debug|Any CPU
		{121FD6A8-6A7C-405A-B223-D3991D07D6E4}.Debug|x86.ActiveCfg = Debug|Any CPU
		{121FD6A8-6A7C-405A-B223-D3991D07D6E4}.Debug|x86.Build.0 = Debug|Any CPU
		{121FD6A8-6A7C-405A-B223-D3991D07D6E4}.Release|Any CPU.ActiveCfg = Release|Any CPU
		{121FD6A8-6A7C-405A-B223-D3991D07D6E4}.Release|Any CPU.Build.0 = Release|Any CPU
		{121FD6A8-6A7C-405A-B223-D3991D07D6E4}.Release|x64.ActiveCfg = Release|Any CPU
		{121FD6A8-6A7C-405A-B223-D3991D07D6E4}.Release|x64.Build.0 = Release|Any CPU
		{121FD6A8-6A7C-405A-B223-D3991D07D6E4}.Release|x86.ActiveCfg = Release|Any CPU
		{121FD6A8-6A7C-405A-B223-D3991D07D6E4}.Release|x86.Build.0 = Release|Any CPU
		{FBBAA490-5752-41E0-A7ED-9B96F06B661E}.debug_x86|Any CPU.ActiveCfg = Debug|Any CPU
		{FBBAA490-5752-41E0-A7ED-9B96F06B661E}.debug_x86|Any CPU.Build.0 = Debug|Any CPU
		{FBBAA490-5752-41E0-A7ED-9B96F06B661E}.debug_x86|x64.ActiveCfg = Debug|Any CPU
		{FBBAA490-5752-41E0-A7ED-9B96F06B661E}.debug_x86|x64.Build.0 = Debug|Any CPU
		{FBBAA490-5752-41E0-A7ED-9B96F06B661E}.debug_x86|x86.ActiveCfg = Debug|Any CPU
		{FBBAA490-5752-41E0-A7ED-9B96F06B661E}.debug_x86|x86.Build.0 = Debug|Any CPU
		{FBBAA490-5752-41E0-A7ED-9B96F06B661E}.Debug|Any CPU.ActiveCfg = Debug|Any CPU
		{FBBAA490-5752-41E0-A7ED-9B96F06B661E}.Debug|Any CPU.Build.0 = Debug|Any CPU
		{FBBAA490-5752-41E0-A7ED-9B96F06B661E}.Debug|x64.ActiveCfg = Debug|Any CPU
		{FBBAA490-5752-41E0-A7ED-9B96F06B661E}.Debug|x64.Build.0 = Debug|Any CPU
		{FBBAA490-5752-41E0-A7ED-9B96F06B661E}.Debug|x86.ActiveCfg = Debug|Any CPU
		{FBBAA490-5752-41E0-A7ED-9B96F06B661E}.Debug|x86.Build.0 = Debug|Any CPU
		{FBBAA490-5752-41E0-A7ED-9B96F06B661E}.Release|Any CPU.ActiveCfg = Release|Any CPU
		{FBBAA490-5752-41E0-A7ED-9B96F06B661E}.Release|Any CPU.Build.0 = Release|Any CPU
		{FBBAA490-5752-41E0-A7ED-9B96F06B661E}.Release|x64.ActiveCfg = Release|Any CPU
		{FBBAA490-5752-41E0-A7ED-9B96F06B661E}.Release|x64.Build.0 = Release|Any CPU
		{FBBAA490-5752-41E0-A7ED-9B96F06B661E}.Release|x86.ActiveCfg = Release|Any CPU
		{FBBAA490-5752-41E0-A7ED-9B96F06B661E}.Release|x86.Build.0 = Release|Any CPU
		{5041A3DC-CBBF-4615-99B1-781B641BCC01}.debug_x86|Any CPU.ActiveCfg = Debug|Any CPU
		{5041A3DC-CBBF-4615-99B1-781B641BCC01}.debug_x86|Any CPU.Build.0 = Debug|Any CPU
		{5041A3DC-CBBF-4615-99B1-781B641BCC01}.debug_x86|x64.ActiveCfg = Debug|Any CPU
		{5041A3DC-CBBF-4615-99B1-781B641BCC01}.debug_x86|x64.Build.0 = Debug|Any CPU
		{5041A3DC-CBBF-4615-99B1-781B641BCC01}.debug_x86|x86.ActiveCfg = Debug|Any CPU
		{5041A3DC-CBBF-4615-99B1-781B641BCC01}.debug_x86|x86.Build.0 = Debug|Any CPU
		{5041A3DC-CBBF-4615-99B1-781B641BCC01}.Debug|Any CPU.ActiveCfg = Debug|Any CPU
		{5041A3DC-CBBF-4615-99B1-781B641BCC01}.Debug|Any CPU.Build.0 = Debug|Any CPU
		{5041A3DC-CBBF-4615-99B1-781B641BCC01}.Debug|x64.ActiveCfg = Debug|Any CPU
		{5041A3DC-CBBF-4615-99B1-781B641BCC01}.Debug|x64.Build.0 = Debug|Any CPU
		{5041A3DC-CBBF-4615-99B1-781B641BCC01}.Debug|x86.ActiveCfg = Debug|Any CPU
		{5041A3DC-CBBF-4615-99B1-781B641BCC01}.Debug|x86.Build.0 = Debug|Any CPU
		{5041A3DC-CBBF-4615-99B1-781B641BCC01}.Release|Any CPU.ActiveCfg = Release|Any CPU
		{5041A3DC-CBBF-4615-99B1-781B641BCC01}.Release|Any CPU.Build.0 = Release|Any CPU
		{5041A3DC-CBBF-4615-99B1-781B641BCC01}.Release|x64.ActiveCfg = Release|Any CPU
		{5041A3DC-CBBF-4615-99B1-781B641BCC01}.Release|x64.Build.0 = Release|Any CPU
		{5041A3DC-CBBF-4615-99B1-781B641BCC01}.Release|x86.ActiveCfg = Release|Any CPU
		{5041A3DC-CBBF-4615-99B1-781B641BCC01}.Release|x86.Build.0 = Release|Any CPU
		{4524AF86-DEEC-48DF-B613-EDCF1212047B}.debug_x86|Any CPU.ActiveCfg = Debug|Any CPU
		{4524AF86-DEEC-48DF-B613-EDCF1212047B}.debug_x86|Any CPU.Build.0 = Debug|Any CPU
		{4524AF86-DEEC-48DF-B613-EDCF1212047B}.debug_x86|x64.ActiveCfg = Debug|Any CPU
		{4524AF86-DEEC-48DF-B613-EDCF1212047B}.debug_x86|x64.Build.0 = Debug|Any CPU
		{4524AF86-DEEC-48DF-B613-EDCF1212047B}.debug_x86|x86.ActiveCfg = Debug|Any CPU
		{4524AF86-DEEC-48DF-B613-EDCF1212047B}.debug_x86|x86.Build.0 = Debug|Any CPU
		{4524AF86-DEEC-48DF-B613-EDCF1212047B}.Debug|Any CPU.ActiveCfg = Debug|Any CPU
		{4524AF86-DEEC-48DF-B613-EDCF1212047B}.Debug|Any CPU.Build.0 = Debug|Any CPU
		{4524AF86-DEEC-48DF-B613-EDCF1212047B}.Debug|x64.ActiveCfg = Debug|Any CPU
		{4524AF86-DEEC-48DF-B613-EDCF1212047B}.Debug|x64.Build.0 = Debug|Any CPU
		{4524AF86-DEEC-48DF-B613-EDCF1212047B}.Debug|x86.ActiveCfg = Debug|Any CPU
		{4524AF86-DEEC-48DF-B613-EDCF1212047B}.Debug|x86.Build.0 = Debug|Any CPU
		{4524AF86-DEEC-48DF-B613-EDCF1212047B}.Release|Any CPU.ActiveCfg = Release|Any CPU
		{4524AF86-DEEC-48DF-B613-EDCF1212047B}.Release|Any CPU.Build.0 = Release|Any CPU
		{4524AF86-DEEC-48DF-B613-EDCF1212047B}.Release|x64.ActiveCfg = Release|Any CPU
		{4524AF86-DEEC-48DF-B613-EDCF1212047B}.Release|x64.Build.0 = Release|Any CPU
		{4524AF86-DEEC-48DF-B613-EDCF1212047B}.Release|x86.ActiveCfg = Release|Any CPU
		{4524AF86-DEEC-48DF-B613-EDCF1212047B}.Release|x86.Build.0 = Release|Any CPU
		{D798406A-9D72-434E-82FF-38AA0D946AE9}.debug_x86|Any CPU.ActiveCfg = Debug|Any CPU
		{D798406A-9D72-434E-82FF-38AA0D946AE9}.debug_x86|Any CPU.Build.0 = Debug|Any CPU
		{D798406A-9D72-434E-82FF-38AA0D946AE9}.debug_x86|x64.ActiveCfg = Debug|Any CPU
		{D798406A-9D72-434E-82FF-38AA0D946AE9}.debug_x86|x64.Build.0 = Debug|Any CPU
		{D798406A-9D72-434E-82FF-38AA0D946AE9}.debug_x86|x86.ActiveCfg = Debug|Any CPU
		{D798406A-9D72-434E-82FF-38AA0D946AE9}.debug_x86|x86.Build.0 = Debug|Any CPU
		{D798406A-9D72-434E-82FF-38AA0D946AE9}.Debug|Any CPU.ActiveCfg = Debug|Any CPU
		{D798406A-9D72-434E-82FF-38AA0D946AE9}.Debug|Any CPU.Build.0 = Debug|Any CPU
		{D798406A-9D72-434E-82FF-38AA0D946AE9}.Debug|x64.ActiveCfg = Debug|Any CPU
		{D798406A-9D72-434E-82FF-38AA0D946AE9}.Debug|x64.Build.0 = Debug|Any CPU
		{D798406A-9D72-434E-82FF-38AA0D946AE9}.Debug|x86.ActiveCfg = Debug|Any CPU
		{D798406A-9D72-434E-82FF-38AA0D946AE9}.Debug|x86.Build.0 = Debug|Any CPU
		{D798406A-9D72-434E-82FF-38AA0D946AE9}.Release|Any CPU.ActiveCfg = Release|Any CPU
		{D798406A-9D72-434E-82FF-38AA0D946AE9}.Release|Any CPU.Build.0 = Release|Any CPU
		{D798406A-9D72-434E-82FF-38AA0D946AE9}.Release|x64.ActiveCfg = Release|Any CPU
		{D798406A-9D72-434E-82FF-38AA0D946AE9}.Release|x64.Build.0 = Release|Any CPU
		{D798406A-9D72-434E-82FF-38AA0D946AE9}.Release|x86.ActiveCfg = Release|Any CPU
		{D798406A-9D72-434E-82FF-38AA0D946AE9}.Release|x86.Build.0 = Release|Any CPU
		{AF3DE3DB-6FCD-459B-A413-70229C5AA34F}.debug_x86|Any CPU.ActiveCfg = Debug|Any CPU
		{AF3DE3DB-6FCD-459B-A413-70229C5AA34F}.debug_x86|Any CPU.Build.0 = Debug|Any CPU
		{AF3DE3DB-6FCD-459B-A413-70229C5AA34F}.debug_x86|x64.ActiveCfg = Debug|Any CPU
		{AF3DE3DB-6FCD-459B-A413-70229C5AA34F}.debug_x86|x64.Build.0 = Debug|Any CPU
		{AF3DE3DB-6FCD-459B-A413-70229C5AA34F}.debug_x86|x86.ActiveCfg = Debug|Any CPU
		{AF3DE3DB-6FCD-459B-A413-70229C5AA34F}.debug_x86|x86.Build.0 = Debug|Any CPU
		{AF3DE3DB-6FCD-459B-A413-70229C5AA34F}.Debug|Any CPU.ActiveCfg = Debug|Any CPU
		{AF3DE3DB-6FCD-459B-A413-70229C5AA34F}.Debug|Any CPU.Build.0 = Debug|Any CPU
		{AF3DE3DB-6FCD-459B-A413-70229C5AA34F}.Debug|x64.ActiveCfg = Debug|Any CPU
		{AF3DE3DB-6FCD-459B-A413-70229C5AA34F}.Debug|x64.Build.0 = Debug|Any CPU
		{AF3DE3DB-6FCD-459B-A413-70229C5AA34F}.Debug|x86.ActiveCfg = Debug|Any CPU
		{AF3DE3DB-6FCD-459B-A413-70229C5AA34F}.Debug|x86.Build.0 = Debug|Any CPU
		{AF3DE3DB-6FCD-459B-A413-70229C5AA34F}.Release|Any CPU.ActiveCfg = Release|Any CPU
		{AF3DE3DB-6FCD-459B-A413-70229C5AA34F}.Release|Any CPU.Build.0 = Release|Any CPU
		{AF3DE3DB-6FCD-459B-A413-70229C5AA34F}.Release|x64.ActiveCfg = Release|Any CPU
		{AF3DE3DB-6FCD-459B-A413-70229C5AA34F}.Release|x64.Build.0 = Release|Any CPU
		{AF3DE3DB-6FCD-459B-A413-70229C5AA34F}.Release|x86.ActiveCfg = Release|Any CPU
		{AF3DE3DB-6FCD-459B-A413-70229C5AA34F}.Release|x86.Build.0 = Release|Any CPU
		{E44DFA05-387E-44A9-8F5D-89EA9AAED43F}.debug_x86|Any CPU.ActiveCfg = Debug|Any CPU
		{E44DFA05-387E-44A9-8F5D-89EA9AAED43F}.debug_x86|Any CPU.Build.0 = Debug|Any CPU
		{E44DFA05-387E-44A9-8F5D-89EA9AAED43F}.debug_x86|x64.ActiveCfg = Debug|Any CPU
		{E44DFA05-387E-44A9-8F5D-89EA9AAED43F}.debug_x86|x64.Build.0 = Debug|Any CPU
		{E44DFA05-387E-44A9-8F5D-89EA9AAED43F}.debug_x86|x86.ActiveCfg = Debug|Any CPU
		{E44DFA05-387E-44A9-8F5D-89EA9AAED43F}.debug_x86|x86.Build.0 = Debug|Any CPU
		{E44DFA05-387E-44A9-8F5D-89EA9AAED43F}.Debug|Any CPU.ActiveCfg = Debug|Any CPU
		{E44DFA05-387E-44A9-8F5D-89EA9AAED43F}.Debug|Any CPU.Build.0 = Debug|Any CPU
		{E44DFA05-387E-44A9-8F5D-89EA9AAED43F}.Debug|x64.ActiveCfg = Debug|Any CPU
		{E44DFA05-387E-44A9-8F5D-89EA9AAED43F}.Debug|x64.Build.0 = Debug|Any CPU
		{E44DFA05-387E-44A9-8F5D-89EA9AAED43F}.Debug|x86.ActiveCfg = Debug|Any CPU
		{E44DFA05-387E-44A9-8F5D-89EA9AAED43F}.Debug|x86.Build.0 = Debug|Any CPU
		{E44DFA05-387E-44A9-8F5D-89EA9AAED43F}.Release|Any CPU.ActiveCfg = Release|Any CPU
		{E44DFA05-387E-44A9-8F5D-89EA9AAED43F}.Release|Any CPU.Build.0 = Release|Any CPU
		{E44DFA05-387E-44A9-8F5D-89EA9AAED43F}.Release|x64.ActiveCfg = Release|Any CPU
		{E44DFA05-387E-44A9-8F5D-89EA9AAED43F}.Release|x64.Build.0 = Release|Any CPU
		{E44DFA05-387E-44A9-8F5D-89EA9AAED43F}.Release|x86.ActiveCfg = Release|Any CPU
		{E44DFA05-387E-44A9-8F5D-89EA9AAED43F}.Release|x86.Build.0 = Release|Any CPU
		{98D140A5-7719-4B03-B696-C5294B3CAD64}.debug_x86|Any CPU.ActiveCfg = Debug|Any CPU
		{98D140A5-7719-4B03-B696-C5294B3CAD64}.debug_x86|Any CPU.Build.0 = Debug|Any CPU
		{98D140A5-7719-4B03-B696-C5294B3CAD64}.debug_x86|x64.ActiveCfg = Debug|Any CPU
		{98D140A5-7719-4B03-B696-C5294B3CAD64}.debug_x86|x64.Build.0 = Debug|Any CPU
		{98D140A5-7719-4B03-B696-C5294B3CAD64}.debug_x86|x86.ActiveCfg = Debug|Any CPU
		{98D140A5-7719-4B03-B696-C5294B3CAD64}.debug_x86|x86.Build.0 = Debug|Any CPU
		{98D140A5-7719-4B03-B696-C5294B3CAD64}.Debug|Any CPU.ActiveCfg = Debug|Any CPU
		{98D140A5-7719-4B03-B696-C5294B3CAD64}.Debug|Any CPU.Build.0 = Debug|Any CPU
		{98D140A5-7719-4B03-B696-C5294B3CAD64}.Debug|x64.ActiveCfg = Debug|Any CPU
		{98D140A5-7719-4B03-B696-C5294B3CAD64}.Debug|x64.Build.0 = Debug|Any CPU
		{98D140A5-7719-4B03-B696-C5294B3CAD64}.Debug|x86.ActiveCfg = Debug|Any CPU
		{98D140A5-7719-4B03-B696-C5294B3CAD64}.Debug|x86.Build.0 = Debug|Any CPU
		{98D140A5-7719-4B03-B696-C5294B3CAD64}.Release|Any CPU.ActiveCfg = Release|Any CPU
		{98D140A5-7719-4B03-B696-C5294B3CAD64}.Release|Any CPU.Build.0 = Release|Any CPU
		{98D140A5-7719-4B03-B696-C5294B3CAD64}.Release|x64.ActiveCfg = Release|Any CPU
		{98D140A5-7719-4B03-B696-C5294B3CAD64}.Release|x64.Build.0 = Release|Any CPU
		{98D140A5-7719-4B03-B696-C5294B3CAD64}.Release|x86.ActiveCfg = Release|Any CPU
		{98D140A5-7719-4B03-B696-C5294B3CAD64}.Release|x86.Build.0 = Release|Any CPU
		{976D7EFB-E15E-49A0-A420-47246A294320}.debug_x86|Any CPU.ActiveCfg = Debug|Any CPU
		{976D7EFB-E15E-49A0-A420-47246A294320}.debug_x86|Any CPU.Build.0 = Debug|Any CPU
		{976D7EFB-E15E-49A0-A420-47246A294320}.debug_x86|x64.ActiveCfg = Debug|Any CPU
		{976D7EFB-E15E-49A0-A420-47246A294320}.debug_x86|x64.Build.0 = Debug|Any CPU
		{976D7EFB-E15E-49A0-A420-47246A294320}.debug_x86|x86.ActiveCfg = Debug|Any CPU
		{976D7EFB-E15E-49A0-A420-47246A294320}.debug_x86|x86.Build.0 = Debug|Any CPU
		{976D7EFB-E15E-49A0-A420-47246A294320}.Debug|Any CPU.ActiveCfg = Debug|Any CPU
		{976D7EFB-E15E-49A0-A420-47246A294320}.Debug|Any CPU.Build.0 = Debug|Any CPU
		{976D7EFB-E15E-49A0-A420-47246A294320}.Debug|x64.ActiveCfg = Debug|Any CPU
		{976D7EFB-E15E-49A0-A420-47246A294320}.Debug|x64.Build.0 = Debug|Any CPU
		{976D7EFB-E15E-49A0-A420-47246A294320}.Debug|x86.ActiveCfg = Debug|Any CPU
		{976D7EFB-E15E-49A0-A420-47246A294320}.Debug|x86.Build.0 = Debug|Any CPU
		{976D7EFB-E15E-49A0-A420-47246A294320}.Release|Any CPU.ActiveCfg = Release|Any CPU
		{976D7EFB-E15E-49A0-A420-47246A294320}.Release|Any CPU.Build.0 = Release|Any CPU
		{976D7EFB-E15E-49A0-A420-47246A294320}.Release|x64.ActiveCfg = Release|Any CPU
		{976D7EFB-E15E-49A0-A420-47246A294320}.Release|x64.Build.0 = Release|Any CPU
		{976D7EFB-E15E-49A0-A420-47246A294320}.Release|x86.ActiveCfg = Release|Any CPU
		{976D7EFB-E15E-49A0-A420-47246A294320}.Release|x86.Build.0 = Release|Any CPU
		{AA84CF7B-0C63-4909-9371-C2B85D304A68}.debug_x86|Any CPU.ActiveCfg = Debug|Any CPU
		{AA84CF7B-0C63-4909-9371-C2B85D304A68}.debug_x86|Any CPU.Build.0 = Debug|Any CPU
		{AA84CF7B-0C63-4909-9371-C2B85D304A68}.debug_x86|x64.ActiveCfg = Debug|Any CPU
		{AA84CF7B-0C63-4909-9371-C2B85D304A68}.debug_x86|x64.Build.0 = Debug|Any CPU
		{AA84CF7B-0C63-4909-9371-C2B85D304A68}.debug_x86|x86.ActiveCfg = Debug|Any CPU
		{AA84CF7B-0C63-4909-9371-C2B85D304A68}.debug_x86|x86.Build.0 = Debug|Any CPU
		{AA84CF7B-0C63-4909-9371-C2B85D304A68}.Debug|Any CPU.ActiveCfg = Debug|Any CPU
		{AA84CF7B-0C63-4909-9371-C2B85D304A68}.Debug|Any CPU.Build.0 = Debug|Any CPU
		{AA84CF7B-0C63-4909-9371-C2B85D304A68}.Debug|x64.ActiveCfg = Debug|Any CPU
		{AA84CF7B-0C63-4909-9371-C2B85D304A68}.Debug|x64.Build.0 = Debug|Any CPU
		{AA84CF7B-0C63-4909-9371-C2B85D304A68}.Debug|x86.ActiveCfg = Debug|Any CPU
		{AA84CF7B-0C63-4909-9371-C2B85D304A68}.Debug|x86.Build.0 = Debug|Any CPU
		{AA84CF7B-0C63-4909-9371-C2B85D304A68}.Release|Any CPU.ActiveCfg = Release|Any CPU
		{AA84CF7B-0C63-4909-9371-C2B85D304A68}.Release|Any CPU.Build.0 = Release|Any CPU
		{AA84CF7B-0C63-4909-9371-C2B85D304A68}.Release|x64.ActiveCfg = Release|Any CPU
		{AA84CF7B-0C63-4909-9371-C2B85D304A68}.Release|x64.Build.0 = Release|Any CPU
		{AA84CF7B-0C63-4909-9371-C2B85D304A68}.Release|x86.ActiveCfg = Release|Any CPU
		{AA84CF7B-0C63-4909-9371-C2B85D304A68}.Release|x86.Build.0 = Release|Any CPU
		{0037B7ED-05D3-44BF-848D-475BE6E25042}.debug_x86|Any CPU.ActiveCfg = Debug|Any CPU
		{0037B7ED-05D3-44BF-848D-475BE6E25042}.debug_x86|Any CPU.Build.0 = Debug|Any CPU
		{0037B7ED-05D3-44BF-848D-475BE6E25042}.debug_x86|x64.ActiveCfg = Debug|Any CPU
		{0037B7ED-05D3-44BF-848D-475BE6E25042}.debug_x86|x64.Build.0 = Debug|Any CPU
		{0037B7ED-05D3-44BF-848D-475BE6E25042}.debug_x86|x86.ActiveCfg = Debug|Any CPU
		{0037B7ED-05D3-44BF-848D-475BE6E25042}.debug_x86|x86.Build.0 = Debug|Any CPU
		{0037B7ED-05D3-44BF-848D-475BE6E25042}.Debug|Any CPU.ActiveCfg = Debug|Any CPU
		{0037B7ED-05D3-44BF-848D-475BE6E25042}.Debug|Any CPU.Build.0 = Debug|Any CPU
		{0037B7ED-05D3-44BF-848D-475BE6E25042}.Debug|x64.ActiveCfg = Debug|Any CPU
		{0037B7ED-05D3-44BF-848D-475BE6E25042}.Debug|x64.Build.0 = Debug|Any CPU
		{0037B7ED-05D3-44BF-848D-475BE6E25042}.Debug|x86.ActiveCfg = Debug|Any CPU
		{0037B7ED-05D3-44BF-848D-475BE6E25042}.Debug|x86.Build.0 = Debug|Any CPU
		{0037B7ED-05D3-44BF-848D-475BE6E25042}.Release|Any CPU.ActiveCfg = Release|Any CPU
		{0037B7ED-05D3-44BF-848D-475BE6E25042}.Release|Any CPU.Build.0 = Release|Any CPU
		{0037B7ED-05D3-44BF-848D-475BE6E25042}.Release|x64.ActiveCfg = Release|Any CPU
		{0037B7ED-05D3-44BF-848D-475BE6E25042}.Release|x64.Build.0 = Release|Any CPU
		{0037B7ED-05D3-44BF-848D-475BE6E25042}.Release|x86.ActiveCfg = Release|Any CPU
		{0037B7ED-05D3-44BF-848D-475BE6E25042}.Release|x86.Build.0 = Release|Any CPU
		{B1E6D126-898E-4FBF-9239-DF8A83D59F6E}.debug_x86|Any CPU.ActiveCfg = Debug|Any CPU
		{B1E6D126-898E-4FBF-9239-DF8A83D59F6E}.debug_x86|Any CPU.Build.0 = Debug|Any CPU
		{B1E6D126-898E-4FBF-9239-DF8A83D59F6E}.debug_x86|x64.ActiveCfg = Debug|Any CPU
		{B1E6D126-898E-4FBF-9239-DF8A83D59F6E}.debug_x86|x64.Build.0 = Debug|Any CPU
		{B1E6D126-898E-4FBF-9239-DF8A83D59F6E}.debug_x86|x86.ActiveCfg = Debug|Any CPU
		{B1E6D126-898E-4FBF-9239-DF8A83D59F6E}.debug_x86|x86.Build.0 = Debug|Any CPU
		{B1E6D126-898E-4FBF-9239-DF8A83D59F6E}.Debug|Any CPU.ActiveCfg = Debug|Any CPU
		{B1E6D126-898E-4FBF-9239-DF8A83D59F6E}.Debug|Any CPU.Build.0 = Debug|Any CPU
		{B1E6D126-898E-4FBF-9239-DF8A83D59F6E}.Debug|x64.ActiveCfg = Debug|Any CPU
		{B1E6D126-898E-4FBF-9239-DF8A83D59F6E}.Debug|x64.Build.0 = Debug|Any CPU
		{B1E6D126-898E-4FBF-9239-DF8A83D59F6E}.Debug|x86.ActiveCfg = Debug|Any CPU
		{B1E6D126-898E-4FBF-9239-DF8A83D59F6E}.Debug|x86.Build.0 = Debug|Any CPU
		{B1E6D126-898E-4FBF-9239-DF8A83D59F6E}.Release|Any CPU.ActiveCfg = Release|Any CPU
		{B1E6D126-898E-4FBF-9239-DF8A83D59F6E}.Release|Any CPU.Build.0 = Release|Any CPU
		{B1E6D126-898E-4FBF-9239-DF8A83D59F6E}.Release|x64.ActiveCfg = Release|Any CPU
		{B1E6D126-898E-4FBF-9239-DF8A83D59F6E}.Release|x64.Build.0 = Release|Any CPU
		{B1E6D126-898E-4FBF-9239-DF8A83D59F6E}.Release|x86.ActiveCfg = Release|Any CPU
		{B1E6D126-898E-4FBF-9239-DF8A83D59F6E}.Release|x86.Build.0 = Release|Any CPU
		{AE46E3E2-E6F3-4D9B-BA0C-9FB15F7C4A3C}.debug_x86|Any CPU.ActiveCfg = Debug|Any CPU
		{AE46E3E2-E6F3-4D9B-BA0C-9FB15F7C4A3C}.debug_x86|Any CPU.Build.0 = Debug|Any CPU
		{AE46E3E2-E6F3-4D9B-BA0C-9FB15F7C4A3C}.debug_x86|x64.ActiveCfg = Debug|Any CPU
		{AE46E3E2-E6F3-4D9B-BA0C-9FB15F7C4A3C}.debug_x86|x64.Build.0 = Debug|Any CPU
		{AE46E3E2-E6F3-4D9B-BA0C-9FB15F7C4A3C}.debug_x86|x86.ActiveCfg = Debug|Any CPU
		{AE46E3E2-E6F3-4D9B-BA0C-9FB15F7C4A3C}.debug_x86|x86.Build.0 = Debug|Any CPU
		{AE46E3E2-E6F3-4D9B-BA0C-9FB15F7C4A3C}.Debug|Any CPU.ActiveCfg = Debug|Any CPU
		{AE46E3E2-E6F3-4D9B-BA0C-9FB15F7C4A3C}.Debug|Any CPU.Build.0 = Debug|Any CPU
		{AE46E3E2-E6F3-4D9B-BA0C-9FB15F7C4A3C}.Debug|x64.ActiveCfg = Debug|Any CPU
		{AE46E3E2-E6F3-4D9B-BA0C-9FB15F7C4A3C}.Debug|x64.Build.0 = Debug|Any CPU
		{AE46E3E2-E6F3-4D9B-BA0C-9FB15F7C4A3C}.Debug|x86.ActiveCfg = Debug|Any CPU
		{AE46E3E2-E6F3-4D9B-BA0C-9FB15F7C4A3C}.Debug|x86.Build.0 = Debug|Any CPU
		{AE46E3E2-E6F3-4D9B-BA0C-9FB15F7C4A3C}.Release|Any CPU.ActiveCfg = Release|Any CPU
		{AE46E3E2-E6F3-4D9B-BA0C-9FB15F7C4A3C}.Release|Any CPU.Build.0 = Release|Any CPU
		{AE46E3E2-E6F3-4D9B-BA0C-9FB15F7C4A3C}.Release|x64.ActiveCfg = Release|Any CPU
		{AE46E3E2-E6F3-4D9B-BA0C-9FB15F7C4A3C}.Release|x64.Build.0 = Release|Any CPU
		{AE46E3E2-E6F3-4D9B-BA0C-9FB15F7C4A3C}.Release|x86.ActiveCfg = Release|Any CPU
		{AE46E3E2-E6F3-4D9B-BA0C-9FB15F7C4A3C}.Release|x86.Build.0 = Release|Any CPU
		{47C1796A-7CAE-4CC1-84CB-7E94ABBF5E62}.debug_x86|Any CPU.ActiveCfg = Debug|Any CPU
		{47C1796A-7CAE-4CC1-84CB-7E94ABBF5E62}.debug_x86|Any CPU.Build.0 = Debug|Any CPU
		{47C1796A-7CAE-4CC1-84CB-7E94ABBF5E62}.debug_x86|x64.ActiveCfg = Debug|Any CPU
		{47C1796A-7CAE-4CC1-84CB-7E94ABBF5E62}.debug_x86|x64.Build.0 = Debug|Any CPU
		{47C1796A-7CAE-4CC1-84CB-7E94ABBF5E62}.debug_x86|x86.ActiveCfg = Debug|Any CPU
		{47C1796A-7CAE-4CC1-84CB-7E94ABBF5E62}.debug_x86|x86.Build.0 = Debug|Any CPU
		{47C1796A-7CAE-4CC1-84CB-7E94ABBF5E62}.Debug|Any CPU.ActiveCfg = Debug|Any CPU
		{47C1796A-7CAE-4CC1-84CB-7E94ABBF5E62}.Debug|Any CPU.Build.0 = Debug|Any CPU
		{47C1796A-7CAE-4CC1-84CB-7E94ABBF5E62}.Debug|x64.ActiveCfg = Debug|Any CPU
		{47C1796A-7CAE-4CC1-84CB-7E94ABBF5E62}.Debug|x64.Build.0 = Debug|Any CPU
		{47C1796A-7CAE-4CC1-84CB-7E94ABBF5E62}.Debug|x86.ActiveCfg = Debug|Any CPU
		{47C1796A-7CAE-4CC1-84CB-7E94ABBF5E62}.Debug|x86.Build.0 = Debug|Any CPU
		{47C1796A-7CAE-4CC1-84CB-7E94ABBF5E62}.Release|Any CPU.ActiveCfg = Release|Any CPU
		{47C1796A-7CAE-4CC1-84CB-7E94ABBF5E62}.Release|Any CPU.Build.0 = Release|Any CPU
		{47C1796A-7CAE-4CC1-84CB-7E94ABBF5E62}.Release|x64.ActiveCfg = Release|Any CPU
		{47C1796A-7CAE-4CC1-84CB-7E94ABBF5E62}.Release|x64.Build.0 = Release|Any CPU
		{47C1796A-7CAE-4CC1-84CB-7E94ABBF5E62}.Release|x86.ActiveCfg = Release|Any CPU
		{47C1796A-7CAE-4CC1-84CB-7E94ABBF5E62}.Release|x86.Build.0 = Release|Any CPU
		{0E2E48BA-005C-4E7B-992C-B476A3386186}.debug_x86|Any CPU.ActiveCfg = Debug|Any CPU
		{0E2E48BA-005C-4E7B-992C-B476A3386186}.debug_x86|Any CPU.Build.0 = Debug|Any CPU
		{0E2E48BA-005C-4E7B-992C-B476A3386186}.debug_x86|x64.ActiveCfg = Debug|Any CPU
		{0E2E48BA-005C-4E7B-992C-B476A3386186}.debug_x86|x64.Build.0 = Debug|Any CPU
		{0E2E48BA-005C-4E7B-992C-B476A3386186}.debug_x86|x86.ActiveCfg = Debug|Any CPU
		{0E2E48BA-005C-4E7B-992C-B476A3386186}.debug_x86|x86.Build.0 = Debug|Any CPU
		{0E2E48BA-005C-4E7B-992C-B476A3386186}.Debug|Any CPU.ActiveCfg = Debug|Any CPU
		{0E2E48BA-005C-4E7B-992C-B476A3386186}.Debug|Any CPU.Build.0 = Debug|Any CPU
		{0E2E48BA-005C-4E7B-992C-B476A3386186}.Debug|x64.ActiveCfg = Debug|Any CPU
		{0E2E48BA-005C-4E7B-992C-B476A3386186}.Debug|x64.Build.0 = Debug|Any CPU
		{0E2E48BA-005C-4E7B-992C-B476A3386186}.Debug|x86.ActiveCfg = Debug|Any CPU
		{0E2E48BA-005C-4E7B-992C-B476A3386186}.Debug|x86.Build.0 = Debug|Any CPU
		{0E2E48BA-005C-4E7B-992C-B476A3386186}.Release|Any CPU.ActiveCfg = Release|Any CPU
		{0E2E48BA-005C-4E7B-992C-B476A3386186}.Release|Any CPU.Build.0 = Release|Any CPU
		{0E2E48BA-005C-4E7B-992C-B476A3386186}.Release|x64.ActiveCfg = Release|Any CPU
		{0E2E48BA-005C-4E7B-992C-B476A3386186}.Release|x64.Build.0 = Release|Any CPU
		{0E2E48BA-005C-4E7B-992C-B476A3386186}.Release|x86.ActiveCfg = Release|Any CPU
		{0E2E48BA-005C-4E7B-992C-B476A3386186}.Release|x86.Build.0 = Release|Any CPU
		{53D14FA5-EEBD-4EBF-A728-1A4CDC22B581}.debug_x86|Any CPU.ActiveCfg = Debug|Any CPU
		{53D14FA5-EEBD-4EBF-A728-1A4CDC22B581}.debug_x86|Any CPU.Build.0 = Debug|Any CPU
		{53D14FA5-EEBD-4EBF-A728-1A4CDC22B581}.debug_x86|x64.ActiveCfg = Debug|Any CPU
		{53D14FA5-EEBD-4EBF-A728-1A4CDC22B581}.debug_x86|x64.Build.0 = Debug|Any CPU
		{53D14FA5-EEBD-4EBF-A728-1A4CDC22B581}.debug_x86|x86.ActiveCfg = Debug|Any CPU
		{53D14FA5-EEBD-4EBF-A728-1A4CDC22B581}.debug_x86|x86.Build.0 = Debug|Any CPU
		{53D14FA5-EEBD-4EBF-A728-1A4CDC22B581}.Debug|Any CPU.ActiveCfg = Debug|Any CPU
		{53D14FA5-EEBD-4EBF-A728-1A4CDC22B581}.Debug|Any CPU.Build.0 = Debug|Any CPU
		{53D14FA5-EEBD-4EBF-A728-1A4CDC22B581}.Debug|x64.ActiveCfg = Debug|Any CPU
		{53D14FA5-EEBD-4EBF-A728-1A4CDC22B581}.Debug|x64.Build.0 = Debug|Any CPU
		{53D14FA5-EEBD-4EBF-A728-1A4CDC22B581}.Debug|x86.ActiveCfg = Debug|Any CPU
		{53D14FA5-EEBD-4EBF-A728-1A4CDC22B581}.Debug|x86.Build.0 = Debug|Any CPU
		{53D14FA5-EEBD-4EBF-A728-1A4CDC22B581}.Release|Any CPU.ActiveCfg = Release|Any CPU
		{53D14FA5-EEBD-4EBF-A728-1A4CDC22B581}.Release|Any CPU.Build.0 = Release|Any CPU
		{53D14FA5-EEBD-4EBF-A728-1A4CDC22B581}.Release|x64.ActiveCfg = Release|Any CPU
		{53D14FA5-EEBD-4EBF-A728-1A4CDC22B581}.Release|x64.Build.0 = Release|Any CPU
		{53D14FA5-EEBD-4EBF-A728-1A4CDC22B581}.Release|x86.ActiveCfg = Release|Any CPU
		{53D14FA5-EEBD-4EBF-A728-1A4CDC22B581}.Release|x86.Build.0 = Release|Any CPU
		{960602CF-A019-4C6B-ABD3-1C08C70A0005}.debug_x86|Any CPU.ActiveCfg = Debug|Any CPU
		{960602CF-A019-4C6B-ABD3-1C08C70A0005}.debug_x86|Any CPU.Build.0 = Debug|Any CPU
		{960602CF-A019-4C6B-ABD3-1C08C70A0005}.debug_x86|x64.ActiveCfg = Debug|Any CPU
		{960602CF-A019-4C6B-ABD3-1C08C70A0005}.debug_x86|x64.Build.0 = Debug|Any CPU
		{960602CF-A019-4C6B-ABD3-1C08C70A0005}.debug_x86|x86.ActiveCfg = Debug|Any CPU
		{960602CF-A019-4C6B-ABD3-1C08C70A0005}.debug_x86|x86.Build.0 = Debug|Any CPU
		{960602CF-A019-4C6B-ABD3-1C08C70A0005}.Debug|Any CPU.ActiveCfg = Debug|Any CPU
		{960602CF-A019-4C6B-ABD3-1C08C70A0005}.Debug|Any CPU.Build.0 = Debug|Any CPU
		{960602CF-A019-4C6B-ABD3-1C08C70A0005}.Debug|x64.ActiveCfg = Debug|Any CPU
		{960602CF-A019-4C6B-ABD3-1C08C70A0005}.Debug|x64.Build.0 = Debug|Any CPU
		{960602CF-A019-4C6B-ABD3-1C08C70A0005}.Debug|x86.ActiveCfg = Debug|Any CPU
		{960602CF-A019-4C6B-ABD3-1C08C70A0005}.Debug|x86.Build.0 = Debug|Any CPU
		{960602CF-A019-4C6B-ABD3-1C08C70A0005}.Release|Any CPU.ActiveCfg = Release|Any CPU
		{960602CF-A019-4C6B-ABD3-1C08C70A0005}.Release|Any CPU.Build.0 = Release|Any CPU
		{960602CF-A019-4C6B-ABD3-1C08C70A0005}.Release|x64.ActiveCfg = Release|Any CPU
		{960602CF-A019-4C6B-ABD3-1C08C70A0005}.Release|x64.Build.0 = Release|Any CPU
		{960602CF-A019-4C6B-ABD3-1C08C70A0005}.Release|x86.ActiveCfg = Release|Any CPU
		{960602CF-A019-4C6B-ABD3-1C08C70A0005}.Release|x86.Build.0 = Release|Any CPU
		{61EDA55A-5CB5-4C73-882D-D496D9623CD1}.debug_x86|Any CPU.ActiveCfg = Debug|Any CPU
		{61EDA55A-5CB5-4C73-882D-D496D9623CD1}.debug_x86|Any CPU.Build.0 = Debug|Any CPU
		{61EDA55A-5CB5-4C73-882D-D496D9623CD1}.debug_x86|x64.ActiveCfg = Debug|Any CPU
		{61EDA55A-5CB5-4C73-882D-D496D9623CD1}.debug_x86|x64.Build.0 = Debug|Any CPU
		{61EDA55A-5CB5-4C73-882D-D496D9623CD1}.debug_x86|x86.ActiveCfg = Debug|Any CPU
		{61EDA55A-5CB5-4C73-882D-D496D9623CD1}.debug_x86|x86.Build.0 = Debug|Any CPU
		{61EDA55A-5CB5-4C73-882D-D496D9623CD1}.Debug|Any CPU.ActiveCfg = Debug|Any CPU
		{61EDA55A-5CB5-4C73-882D-D496D9623CD1}.Debug|Any CPU.Build.0 = Debug|Any CPU
		{61EDA55A-5CB5-4C73-882D-D496D9623CD1}.Debug|x64.ActiveCfg = Debug|Any CPU
		{61EDA55A-5CB5-4C73-882D-D496D9623CD1}.Debug|x64.Build.0 = Debug|Any CPU
		{61EDA55A-5CB5-4C73-882D-D496D9623CD1}.Debug|x86.ActiveCfg = Debug|Any CPU
		{61EDA55A-5CB5-4C73-882D-D496D9623CD1}.Debug|x86.Build.0 = Debug|Any CPU
		{61EDA55A-5CB5-4C73-882D-D496D9623CD1}.Release|Any CPU.ActiveCfg = Release|Any CPU
		{61EDA55A-5CB5-4C73-882D-D496D9623CD1}.Release|Any CPU.Build.0 = Release|Any CPU
		{61EDA55A-5CB5-4C73-882D-D496D9623CD1}.Release|x64.ActiveCfg = Release|Any CPU
		{61EDA55A-5CB5-4C73-882D-D496D9623CD1}.Release|x64.Build.0 = Release|Any CPU
		{61EDA55A-5CB5-4C73-882D-D496D9623CD1}.Release|x86.ActiveCfg = Release|Any CPU
		{61EDA55A-5CB5-4C73-882D-D496D9623CD1}.Release|x86.Build.0 = Release|Any CPU
		{DCA0AAF8-72B1-4F0E-90B3-66F7CCF0A854}.debug_x86|Any CPU.ActiveCfg = Debug|Any CPU
		{DCA0AAF8-72B1-4F0E-90B3-66F7CCF0A854}.debug_x86|Any CPU.Build.0 = Debug|Any CPU
		{DCA0AAF8-72B1-4F0E-90B3-66F7CCF0A854}.debug_x86|x64.ActiveCfg = Debug|Any CPU
		{DCA0AAF8-72B1-4F0E-90B3-66F7CCF0A854}.debug_x86|x64.Build.0 = Debug|Any CPU
		{DCA0AAF8-72B1-4F0E-90B3-66F7CCF0A854}.debug_x86|x86.ActiveCfg = Debug|Any CPU
		{DCA0AAF8-72B1-4F0E-90B3-66F7CCF0A854}.debug_x86|x86.Build.0 = Debug|Any CPU
		{DCA0AAF8-72B1-4F0E-90B3-66F7CCF0A854}.Debug|Any CPU.ActiveCfg = Debug|Any CPU
		{DCA0AAF8-72B1-4F0E-90B3-66F7CCF0A854}.Debug|Any CPU.Build.0 = Debug|Any CPU
		{DCA0AAF8-72B1-4F0E-90B3-66F7CCF0A854}.Debug|x64.ActiveCfg = Debug|Any CPU
		{DCA0AAF8-72B1-4F0E-90B3-66F7CCF0A854}.Debug|x64.Build.0 = Debug|Any CPU
		{DCA0AAF8-72B1-4F0E-90B3-66F7CCF0A854}.Debug|x86.ActiveCfg = Debug|Any CPU
		{DCA0AAF8-72B1-4F0E-90B3-66F7CCF0A854}.Debug|x86.Build.0 = Debug|Any CPU
		{DCA0AAF8-72B1-4F0E-90B3-66F7CCF0A854}.Release|Any CPU.ActiveCfg = Release|Any CPU
		{DCA0AAF8-72B1-4F0E-90B3-66F7CCF0A854}.Release|Any CPU.Build.0 = Release|Any CPU
		{DCA0AAF8-72B1-4F0E-90B3-66F7CCF0A854}.Release|x64.ActiveCfg = Release|Any CPU
		{DCA0AAF8-72B1-4F0E-90B3-66F7CCF0A854}.Release|x64.Build.0 = Release|Any CPU
		{DCA0AAF8-72B1-4F0E-90B3-66F7CCF0A854}.Release|x86.ActiveCfg = Release|Any CPU
		{DCA0AAF8-72B1-4F0E-90B3-66F7CCF0A854}.Release|x86.Build.0 = Release|Any CPU
		{F4D4C65F-FAF0-4094-83AF-A4A7B74FE86E}.debug_x86|Any CPU.ActiveCfg = Debug|Any CPU
		{F4D4C65F-FAF0-4094-83AF-A4A7B74FE86E}.debug_x86|Any CPU.Build.0 = Debug|Any CPU
		{F4D4C65F-FAF0-4094-83AF-A4A7B74FE86E}.debug_x86|x64.ActiveCfg = Debug|Any CPU
		{F4D4C65F-FAF0-4094-83AF-A4A7B74FE86E}.debug_x86|x64.Build.0 = Debug|Any CPU
		{F4D4C65F-FAF0-4094-83AF-A4A7B74FE86E}.debug_x86|x86.ActiveCfg = Debug|Any CPU
		{F4D4C65F-FAF0-4094-83AF-A4A7B74FE86E}.debug_x86|x86.Build.0 = Debug|Any CPU
		{F4D4C65F-FAF0-4094-83AF-A4A7B74FE86E}.Debug|Any CPU.ActiveCfg = Debug|Any CPU
		{F4D4C65F-FAF0-4094-83AF-A4A7B74FE86E}.Debug|Any CPU.Build.0 = Debug|Any CPU
		{F4D4C65F-FAF0-4094-83AF-A4A7B74FE86E}.Debug|x64.ActiveCfg = Debug|Any CPU
		{F4D4C65F-FAF0-4094-83AF-A4A7B74FE86E}.Debug|x64.Build.0 = Debug|Any CPU
		{F4D4C65F-FAF0-4094-83AF-A4A7B74FE86E}.Debug|x86.ActiveCfg = Debug|Any CPU
		{F4D4C65F-FAF0-4094-83AF-A4A7B74FE86E}.Debug|x86.Build.0 = Debug|Any CPU
		{F4D4C65F-FAF0-4094-83AF-A4A7B74FE86E}.Release|Any CPU.ActiveCfg = Release|Any CPU
		{F4D4C65F-FAF0-4094-83AF-A4A7B74FE86E}.Release|Any CPU.Build.0 = Release|Any CPU
		{F4D4C65F-FAF0-4094-83AF-A4A7B74FE86E}.Release|x64.ActiveCfg = Release|Any CPU
		{F4D4C65F-FAF0-4094-83AF-A4A7B74FE86E}.Release|x64.Build.0 = Release|Any CPU
		{F4D4C65F-FAF0-4094-83AF-A4A7B74FE86E}.Release|x86.ActiveCfg = Release|Any CPU
		{F4D4C65F-FAF0-4094-83AF-A4A7B74FE86E}.Release|x86.Build.0 = Release|Any CPU
		{1DD609A3-870C-4C1C-AB41-32ACBF292C16}.debug_x86|Any CPU.ActiveCfg = Debug|Any CPU
		{1DD609A3-870C-4C1C-AB41-32ACBF292C16}.debug_x86|Any CPU.Build.0 = Debug|Any CPU
		{1DD609A3-870C-4C1C-AB41-32ACBF292C16}.debug_x86|x64.ActiveCfg = Debug|Any CPU
		{1DD609A3-870C-4C1C-AB41-32ACBF292C16}.debug_x86|x64.Build.0 = Debug|Any CPU
		{1DD609A3-870C-4C1C-AB41-32ACBF292C16}.debug_x86|x86.ActiveCfg = Debug|Any CPU
		{1DD609A3-870C-4C1C-AB41-32ACBF292C16}.debug_x86|x86.Build.0 = Debug|Any CPU
		{1DD609A3-870C-4C1C-AB41-32ACBF292C16}.Debug|Any CPU.ActiveCfg = Debug|Any CPU
		{1DD609A3-870C-4C1C-AB41-32ACBF292C16}.Debug|Any CPU.Build.0 = Debug|Any CPU
		{1DD609A3-870C-4C1C-AB41-32ACBF292C16}.Debug|x64.ActiveCfg = Debug|Any CPU
		{1DD609A3-870C-4C1C-AB41-32ACBF292C16}.Debug|x64.Build.0 = Debug|Any CPU
		{1DD609A3-870C-4C1C-AB41-32ACBF292C16}.Debug|x86.ActiveCfg = Debug|Any CPU
		{1DD609A3-870C-4C1C-AB41-32ACBF292C16}.Debug|x86.Build.0 = Debug|Any CPU
		{1DD609A3-870C-4C1C-AB41-32ACBF292C16}.Release|Any CPU.ActiveCfg = Release|Any CPU
		{1DD609A3-870C-4C1C-AB41-32ACBF292C16}.Release|Any CPU.Build.0 = Release|Any CPU
		{1DD609A3-870C-4C1C-AB41-32ACBF292C16}.Release|x64.ActiveCfg = Release|Any CPU
		{1DD609A3-870C-4C1C-AB41-32ACBF292C16}.Release|x64.Build.0 = Release|Any CPU
		{1DD609A3-870C-4C1C-AB41-32ACBF292C16}.Release|x86.ActiveCfg = Release|Any CPU
		{1DD609A3-870C-4C1C-AB41-32ACBF292C16}.Release|x86.Build.0 = Release|Any CPU
		{6C1398FF-A8C1-45A9-9796-6A60B2B011E1}.debug_x86|Any CPU.ActiveCfg = Debug|Any CPU
		{6C1398FF-A8C1-45A9-9796-6A60B2B011E1}.debug_x86|Any CPU.Build.0 = Debug|Any CPU
		{6C1398FF-A8C1-45A9-9796-6A60B2B011E1}.debug_x86|x64.ActiveCfg = Debug|Any CPU
		{6C1398FF-A8C1-45A9-9796-6A60B2B011E1}.debug_x86|x64.Build.0 = Debug|Any CPU
		{6C1398FF-A8C1-45A9-9796-6A60B2B011E1}.debug_x86|x86.ActiveCfg = Debug|Any CPU
		{6C1398FF-A8C1-45A9-9796-6A60B2B011E1}.debug_x86|x86.Build.0 = Debug|Any CPU
		{6C1398FF-A8C1-45A9-9796-6A60B2B011E1}.Debug|Any CPU.ActiveCfg = Debug|Any CPU
		{6C1398FF-A8C1-45A9-9796-6A60B2B011E1}.Debug|Any CPU.Build.0 = Debug|Any CPU
		{6C1398FF-A8C1-45A9-9796-6A60B2B011E1}.Debug|x64.ActiveCfg = Debug|Any CPU
		{6C1398FF-A8C1-45A9-9796-6A60B2B011E1}.Debug|x64.Build.0 = Debug|Any CPU
		{6C1398FF-A8C1-45A9-9796-6A60B2B011E1}.Debug|x86.ActiveCfg = Debug|Any CPU
		{6C1398FF-A8C1-45A9-9796-6A60B2B011E1}.Debug|x86.Build.0 = Debug|Any CPU
		{6C1398FF-A8C1-45A9-9796-6A60B2B011E1}.Release|Any CPU.ActiveCfg = Release|Any CPU
		{6C1398FF-A8C1-45A9-9796-6A60B2B011E1}.Release|Any CPU.Build.0 = Release|Any CPU
		{6C1398FF-A8C1-45A9-9796-6A60B2B011E1}.Release|x64.ActiveCfg = Release|Any CPU
		{6C1398FF-A8C1-45A9-9796-6A60B2B011E1}.Release|x64.Build.0 = Release|Any CPU
		{6C1398FF-A8C1-45A9-9796-6A60B2B011E1}.Release|x86.ActiveCfg = Release|Any CPU
		{6C1398FF-A8C1-45A9-9796-6A60B2B011E1}.Release|x86.Build.0 = Release|Any CPU
		{315EDEE3-EB23-4019-958D-C1EEA5F1DA18}.debug_x86|Any CPU.ActiveCfg = Debug|Any CPU
		{315EDEE3-EB23-4019-958D-C1EEA5F1DA18}.debug_x86|Any CPU.Build.0 = Debug|Any CPU
		{315EDEE3-EB23-4019-958D-C1EEA5F1DA18}.debug_x86|x64.ActiveCfg = Debug|Any CPU
		{315EDEE3-EB23-4019-958D-C1EEA5F1DA18}.debug_x86|x64.Build.0 = Debug|Any CPU
		{315EDEE3-EB23-4019-958D-C1EEA5F1DA18}.debug_x86|x86.ActiveCfg = Debug|Any CPU
		{315EDEE3-EB23-4019-958D-C1EEA5F1DA18}.debug_x86|x86.Build.0 = Debug|Any CPU
		{315EDEE3-EB23-4019-958D-C1EEA5F1DA18}.Debug|Any CPU.ActiveCfg = Debug|Any CPU
		{315EDEE3-EB23-4019-958D-C1EEA5F1DA18}.Debug|Any CPU.Build.0 = Debug|Any CPU
		{315EDEE3-EB23-4019-958D-C1EEA5F1DA18}.Debug|x64.ActiveCfg = Debug|Any CPU
		{315EDEE3-EB23-4019-958D-C1EEA5F1DA18}.Debug|x64.Build.0 = Debug|Any CPU
		{315EDEE3-EB23-4019-958D-C1EEA5F1DA18}.Debug|x86.ActiveCfg = Debug|Any CPU
		{315EDEE3-EB23-4019-958D-C1EEA5F1DA18}.Debug|x86.Build.0 = Debug|Any CPU
		{315EDEE3-EB23-4019-958D-C1EEA5F1DA18}.Release|Any CPU.ActiveCfg = Release|Any CPU
		{315EDEE3-EB23-4019-958D-C1EEA5F1DA18}.Release|Any CPU.Build.0 = Release|Any CPU
		{315EDEE3-EB23-4019-958D-C1EEA5F1DA18}.Release|x64.ActiveCfg = Release|Any CPU
		{315EDEE3-EB23-4019-958D-C1EEA5F1DA18}.Release|x64.Build.0 = Release|Any CPU
		{315EDEE3-EB23-4019-958D-C1EEA5F1DA18}.Release|x86.ActiveCfg = Release|Any CPU
		{315EDEE3-EB23-4019-958D-C1EEA5F1DA18}.Release|x86.Build.0 = Release|Any CPU
	EndGlobalSection
	GlobalSection(SolutionProperties) = preSolution
		HideSolutionNode = FALSE
	EndGlobalSection
	GlobalSection(NestedProjects) = preSolution
		{95C6F0B4-1687-4C36-90BF-1362CAB06524} = {81B64EBF-613D-43AE-82DA-B375FB751921}
		{3E99E653-6B31-45CF-9B3A-30EEE497BE13} = {A4057ACF-27F0-4724-963B-44548B6BC4E9}
		{121FD6A8-6A7C-405A-B223-D3991D07D6E4} = {A4057ACF-27F0-4724-963B-44548B6BC4E9}
		{FBBAA490-5752-41E0-A7ED-9B96F06B661E} = {A4057ACF-27F0-4724-963B-44548B6BC4E9}
		{5041A3DC-CBBF-4615-99B1-781B641BCC01} = {A4057ACF-27F0-4724-963B-44548B6BC4E9}
		{4524AF86-DEEC-48DF-B613-EDCF1212047B} = {A4057ACF-27F0-4724-963B-44548B6BC4E9}
		{D798406A-9D72-434E-82FF-38AA0D946AE9} = {A4057ACF-27F0-4724-963B-44548B6BC4E9}
		{AF3DE3DB-6FCD-459B-A413-70229C5AA34F} = {A4057ACF-27F0-4724-963B-44548B6BC4E9}
		{E44DFA05-387E-44A9-8F5D-89EA9AAED43F} = {A4057ACF-27F0-4724-963B-44548B6BC4E9}
		{98D140A5-7719-4B03-B696-C5294B3CAD64} = {A4057ACF-27F0-4724-963B-44548B6BC4E9}
		{976D7EFB-E15E-49A0-A420-47246A294320} = {81B64EBF-613D-43AE-82DA-B375FB751921}
		{AA84CF7B-0C63-4909-9371-C2B85D304A68} = {81B64EBF-613D-43AE-82DA-B375FB751921}
		{0037B7ED-05D3-44BF-848D-475BE6E25042} = {81B64EBF-613D-43AE-82DA-B375FB751921}
		{B1E6D126-898E-4FBF-9239-DF8A83D59F6E} = {81B64EBF-613D-43AE-82DA-B375FB751921}
		{AE46E3E2-E6F3-4D9B-BA0C-9FB15F7C4A3C} = {81B64EBF-613D-43AE-82DA-B375FB751921}
		{47C1796A-7CAE-4CC1-84CB-7E94ABBF5E62} = {81B64EBF-613D-43AE-82DA-B375FB751921}
		{0E2E48BA-005C-4E7B-992C-B476A3386186} = {81B64EBF-613D-43AE-82DA-B375FB751921}
		{53D14FA5-EEBD-4EBF-A728-1A4CDC22B581} = {81B64EBF-613D-43AE-82DA-B375FB751921}
		{960602CF-A019-4C6B-ABD3-1C08C70A0005} = {81B64EBF-613D-43AE-82DA-B375FB751921}
		{61EDA55A-5CB5-4C73-882D-D496D9623CD1} = {95C6F0B4-1687-4C36-90BF-1362CAB06524}
		{DCA0AAF8-72B1-4F0E-90B3-66F7CCF0A854} = {95C6F0B4-1687-4C36-90BF-1362CAB06524}
		{F4D4C65F-FAF0-4094-83AF-A4A7B74FE86E} = {95C6F0B4-1687-4C36-90BF-1362CAB06524}
		{1DD609A3-870C-4C1C-AB41-32ACBF292C16} = {95C6F0B4-1687-4C36-90BF-1362CAB06524}
		{6C1398FF-A8C1-45A9-9796-6A60B2B011E1} = {81B64EBF-613D-43AE-82DA-B375FB751921}
		{315EDEE3-EB23-4019-958D-C1EEA5F1DA18} = {A4057ACF-27F0-4724-963B-44548B6BC4E9}
	EndGlobalSection
EndGlobal
