
Microsoft Visual Studio Solution File, Format Version 12.00
# Visual Studio Version 16
VisualStudioVersion = 16.0.29325.69
MinimumVisualStudioVersion = 15.0.26730.03
Project("{2150E333-8FDC-42A3-9474-1A3956D46DE8}") = "src", "src", "{A4057ACF-27F0-4724-963B-44548B6BC4E9}"
	ProjectSection(SolutionItems) = preProject
		src\Directory.Build.props = src\Directory.Build.props
	EndProjectSection
EndProject
Project("{2150E333-8FDC-42A3-9474-1A3956D46DE8}") = "test", "test", "{81B64EBF-613D-43AE-82DA-B375FB751921}"
	ProjectSection(SolutionItems) = preProject
		test\Directory.Build.props = test\Directory.Build.props
		test\Directory.Build.targets = test\Directory.Build.targets
	EndProjectSection
EndProject
Project("{2150E333-8FDC-42A3-9474-1A3956D46DE8}") = "Solution Items", "Solution Items", "{98547032-3A5C-4368-8168-D48DB6E9B30F}"
	ProjectSection(SolutionItems) = preProject
		.gitattributes = .gitattributes
		.gitignore = .gitignore
		.travis.yml = .travis.yml
		appveyor.yml = appveyor.yml
		backup_build.ps1 = backup_build.ps1
		build.cmd = build.cmd
		build.ps1 = build.ps1
		build.sh = build.sh
		CONTRIBUTING.md = CONTRIBUTING.md
		build\dependencies.props = build\dependencies.props
		dir = dir
		Directory.Build.props = Directory.Build.props
		Directory.Build.targets = Directory.Build.targets
		build\Key.snk = build\Key.snk
		LICENSE.txt = LICENSE.txt
		makefile.shade = makefile.shade
		NuGet.config = NuGet.config
		NuGetPackageVerifier.json = NuGetPackageVerifier.json
		README.md = README.md
	EndProjectSection
EndProject
Project("{2150E333-8FDC-42A3-9474-1A3956D46DE8}") = "tools", "tools", "{4B56CCB9-2693-492A-A0C5-B4D15DDF00A4}"
EndProject
Project("{9A19103F-16F7-4668-BE54-9A1E7A4F7556}") = "VS.Web.CG.Mvc", "src\VS.Web.CG.Mvc\VS.Web.CG.Mvc.csproj", "{3E99E653-6B31-45CF-9B3A-30EEE497BE13}"
EndProject
Project("{9A19103F-16F7-4668-BE54-9A1E7A4F7556}") = "VS.Web.CG.Utils", "src\VS.Web.CG.Utils\VS.Web.CG.Utils.csproj", "{121FD6A8-6A7C-405A-B223-D3991D07D6E4}"
EndProject
Project("{9A19103F-16F7-4668-BE54-9A1E7A4F7556}") = "VS.Web.CG.Templating", "src\VS.Web.CG.Templating\VS.Web.CG.Templating.csproj", "{5041A3DC-CBBF-4615-99B1-781B641BCC01}"
EndProject
Project("{9A19103F-16F7-4668-BE54-9A1E7A4F7556}") = "VS.Web.CG.Msbuild", "src\VS.Web.CG.Msbuild\VS.Web.CG.Msbuild.csproj", "{4524AF86-DEEC-48DF-B613-EDCF1212047B}"
EndProject
Project("{9A19103F-16F7-4668-BE54-9A1E7A4F7556}") = "VS.Web.CG.EFCore", "src\VS.Web.CG.EFCore\VS.Web.CG.EFCore.csproj", "{D798406A-9D72-434E-82FF-38AA0D946AE9}"
EndProject
Project("{9A19103F-16F7-4668-BE54-9A1E7A4F7556}") = "VS.Web.CG.Design", "src\VS.Web.CG.Design\VS.Web.CG.Design.csproj", "{AF3DE3DB-6FCD-459B-A413-70229C5AA34F}"
EndProject
Project("{9A19103F-16F7-4668-BE54-9A1E7A4F7556}") = "VS.Web.CG.Core", "src\VS.Web.CG.Core\VS.Web.CG.Core.csproj", "{E44DFA05-387E-44A9-8F5D-89EA9AAED43F}"
EndProject
Project("{9A19103F-16F7-4668-BE54-9A1E7A4F7556}") = "VS.Web.CG", "src\VS.Web.CG\VS.Web.CG.csproj", "{98D140A5-7719-4B03-B696-C5294B3CAD64}"
EndProject
Project("{9A19103F-16F7-4668-BE54-9A1E7A4F7556}") = "VS.Web.CG.Contracts", "src\VS.Web.CG.Contracts\VS.Web.CG.Contracts.csproj", "{315EDEE3-EB23-4019-958D-C1EEA5F1DA18}"
EndProject
Project("{9A19103F-16F7-4668-BE54-9A1E7A4F7556}") = "VS.Web.CG.Design-anycpu", "tools\VS.Web.CG.Design-anycpu\VS.Web.CG.Design-anycpu.csproj", "{CB0F7112-C0BF-4249-BB41-5F2EFA760757}"
EndProject
Project("{9A19103F-16F7-4668-BE54-9A1E7A4F7556}") = "VS.Web.CG.Design-arm", "tools\VS.Web.CG.Design-arm\VS.Web.CG.Design-arm.csproj", "{B2FB25DC-DD8D-4A0E-AF9F-CCBC6ED75ED0}"
EndProject
Project("{9A19103F-16F7-4668-BE54-9A1E7A4F7556}") = "VS.Web.CG.Design-arm64", "tools\VS.Web.CG.Design-arm64\VS.Web.CG.Design-arm64.csproj", "{867AB4D3-0EE0-4A3E-B0F0-78E2B612495A}"
EndProject
Project("{9A19103F-16F7-4668-BE54-9A1E7A4F7556}") = "VS.Web.CG.Design-x86", "tools\VS.Web.CG.Design-x86\VS.Web.CG.Design-x86.csproj", "{8A75336B-A55F-42F6-B8BA-B55EFDA39705}"
EndProject
Project("{9A19103F-16F7-4668-BE54-9A1E7A4F7556}") = "dotnet-aspnet-codegenerator", "src\dotnet-aspnet-codegenerator\dotnet-aspnet-codegenerator.csproj", "{0294A050-806F-4FF5-989E-9755DF3D56B1}"
EndProject
Project("{9A19103F-16F7-4668-BE54-9A1E7A4F7556}") = "VS.Web.CG.Core.Tests", "test\VS.Web.CG.Core.Test\VS.Web.CG.Core.Tests.csproj", "{B88965E6-D92E-450C-B78B-D5FF81D35E7A}"
EndProject
Project("{9A19103F-16F7-4668-BE54-9A1E7A4F7556}") = "E2E_Test.Tests", "test\E2E_Test\E2E_Test.Tests.csproj", "{D3BB8134-3864-4C66-A3BE-1025310FFC75}"
EndProject
Project("{9A19103F-16F7-4668-BE54-9A1E7A4F7556}") = "VS.Web.CG.Tools.Tests", "test\VS.Web.CG.Tools.Test\VS.Web.CG.Tools.Tests.csproj", "{64CA7759-DE6A-4D52-9952-7696525C044E}"
EndProject
Project("{9A19103F-16F7-4668-BE54-9A1E7A4F7556}") = "VS.Web.CG.Templating.Tests", "test\VS.Web.CG.Templating.Test\VS.Web.CG.Templating.Tests.csproj", "{6C635494-31A4-4664-9883-0242838DC664}"
EndProject
Project("{9A19103F-16F7-4668-BE54-9A1E7A4F7556}") = "VS.Web.CG.Sources.Tests", "test\VS.Web.CG.Sources.Test\VS.Web.CG.Sources.Tests.csproj", "{4A14E2F6-871E-4B77-B74A-A4AE3F989EFA}"
EndProject
Project("{9A19103F-16F7-4668-BE54-9A1E7A4F7556}") = "VS.Web.CG.Mvc.Tests", "test\VS.Web.CG.Mvc.Test\VS.Web.CG.Mvc.Tests.csproj", "{FE1D7C08-F4B9-4637-BD12-4D19E0DE81D6}"
EndProject
Project("{9A19103F-16F7-4668-BE54-9A1E7A4F7556}") = "VS.Web.CG.MSBuild.Tests", "test\VS.Web.CG.MSBuild.Test\VS.Web.CG.MSBuild.Tests.csproj", "{B50D6EFB-9F08-4261-B517-27F71FB448D0}"
EndProject
Project("{9A19103F-16F7-4668-BE54-9A1E7A4F7556}") = "VS.Web.CG.EFCore.Tests", "test\VS.Web.CG.EFCore.Test\VS.Web.CG.EFCore.Tests.csproj", "{39F94016-923D-4BC4-B0AF-2CB569886569}"
EndProject
Project("{9A19103F-16F7-4668-BE54-9A1E7A4F7556}") = "VS.Web.CG.Core.FunctionalTests.Tests", "test\VS.Web.CG.Core.FunctionalTest\VS.Web.CG.Core.FunctionalTests.Tests.csproj", "{331E5212-844E-43B3-AC91-B35BABE4C520}"
EndProject
Project("{2150E333-8FDC-42A3-9474-1A3956D46DE8}") = "TestApps", "TestApps", "{1406501A-8B25-47A5-BBFD-7AEECD2A7BBC}"
	ProjectSection(SolutionItems) = preProject
		test\TestApps\Directory.Build.props = test\TestApps\Directory.Build.props
	EndProjectSection
EndProject
Project("{9A19103F-16F7-4668-BE54-9A1E7A4F7556}") = "ClassLibrary1", "test\TestApps\ClassLibrary1\ClassLibrary1.csproj", "{247FF2BF-0662-454A-8D94-0315A106750A}"
EndProject
Project("{9A19103F-16F7-4668-BE54-9A1E7A4F7556}") = "ClassLibrary2", "test\TestApps\ClassLibrary2\ClassLibrary2.csproj", "{B2A8B6E0-E023-470D-BA88-1E78C8D1969D}"
EndProject
Project("{9A19103F-16F7-4668-BE54-9A1E7A4F7556}") = "ModelTypesLocatorTestClassLibrary", "test\TestApps\ModelTypesLocatorTestClassLibrary\ModelTypesLocatorTestClassLibrary.csproj", "{0731B984-6671-4593-BFAA-F9DB8ACA4151}"
EndProject
Project("{9A19103F-16F7-4668-BE54-9A1E7A4F7556}") = "ModelTypesLocatorTestWebApp", "test\TestApps\ModelTypesLocatorTestWebApp\ModelTypesLocatorTestWebApp.csproj", "{09E0CE7A-77BE-4367-9253-23DBA636E5ED}"
EndProject
Project("{9A19103F-16F7-4668-BE54-9A1E7A4F7556}") = "StablePackage", "test\TestApps\StablePackage\StablePackage.csproj", "{94D5A783-BA0B-4EAE-BFFE-8691C31AEFC8}"
EndProject
Project("{9A19103F-16F7-4668-BE54-9A1E7A4F7556}") = "PreviousPackage", "test\TestApps\LastPackage\PreviousPackage.csproj", "{3D758216-B748-4914-B22E-E928146C2DA4}"
EndProject
Global
	GlobalSection(SolutionConfigurationPlatforms) = preSolution
		debug_x86|Any CPU = debug_x86|Any CPU
		debug_x86|x64 = debug_x86|x64
		debug_x86|x86 = debug_x86|x86
		Debug|Any CPU = Debug|Any CPU
		Debug|x64 = Debug|x64
		Debug|x86 = Debug|x86
		Release|Any CPU = Release|Any CPU
		Release|x64 = Release|x64
		Release|x86 = Release|x86
	EndGlobalSection
	GlobalSection(ProjectConfigurationPlatforms) = postSolution
		{3E99E653-6B31-45CF-9B3A-30EEE497BE13}.debug_x86|Any CPU.ActiveCfg = Debug|Any CPU
		{3E99E653-6B31-45CF-9B3A-30EEE497BE13}.debug_x86|Any CPU.Build.0 = Debug|Any CPU
		{3E99E653-6B31-45CF-9B3A-30EEE497BE13}.debug_x86|x64.ActiveCfg = Debug|Any CPU
		{3E99E653-6B31-45CF-9B3A-30EEE497BE13}.debug_x86|x64.Build.0 = Debug|Any CPU
		{3E99E653-6B31-45CF-9B3A-30EEE497BE13}.debug_x86|x86.ActiveCfg = Debug|Any CPU
		{3E99E653-6B31-45CF-9B3A-30EEE497BE13}.debug_x86|x86.Build.0 = Debug|Any CPU
		{3E99E653-6B31-45CF-9B3A-30EEE497BE13}.Debug|Any CPU.ActiveCfg = Debug|Any CPU
		{3E99E653-6B31-45CF-9B3A-30EEE497BE13}.Debug|Any CPU.Build.0 = Debug|Any CPU
		{3E99E653-6B31-45CF-9B3A-30EEE497BE13}.Debug|x64.ActiveCfg = Debug|Any CPU
		{3E99E653-6B31-45CF-9B3A-30EEE497BE13}.Debug|x64.Build.0 = Debug|Any CPU
		{3E99E653-6B31-45CF-9B3A-30EEE497BE13}.Debug|x86.ActiveCfg = Debug|Any CPU
		{3E99E653-6B31-45CF-9B3A-30EEE497BE13}.Debug|x86.Build.0 = Debug|Any CPU
		{3E99E653-6B31-45CF-9B3A-30EEE497BE13}.Release|Any CPU.ActiveCfg = Release|Any CPU
		{3E99E653-6B31-45CF-9B3A-30EEE497BE13}.Release|Any CPU.Build.0 = Release|Any CPU
		{3E99E653-6B31-45CF-9B3A-30EEE497BE13}.Release|x64.ActiveCfg = Release|Any CPU
		{3E99E653-6B31-45CF-9B3A-30EEE497BE13}.Release|x64.Build.0 = Release|Any CPU
		{3E99E653-6B31-45CF-9B3A-30EEE497BE13}.Release|x86.ActiveCfg = Release|Any CPU
		{3E99E653-6B31-45CF-9B3A-30EEE497BE13}.Release|x86.Build.0 = Release|Any CPU
		{121FD6A8-6A7C-405A-B223-D3991D07D6E4}.debug_x86|Any CPU.ActiveCfg = Debug|Any CPU
		{121FD6A8-6A7C-405A-B223-D3991D07D6E4}.debug_x86|Any CPU.Build.0 = Debug|Any CPU
		{121FD6A8-6A7C-405A-B223-D3991D07D6E4}.debug_x86|x64.ActiveCfg = Debug|Any CPU
		{121FD6A8-6A7C-405A-B223-D3991D07D6E4}.debug_x86|x64.Build.0 = Debug|Any CPU
		{121FD6A8-6A7C-405A-B223-D3991D07D6E4}.debug_x86|x86.ActiveCfg = Debug|Any CPU
		{121FD6A8-6A7C-405A-B223-D3991D07D6E4}.debug_x86|x86.Build.0 = Debug|Any CPU
		{121FD6A8-6A7C-405A-B223-D3991D07D6E4}.Debug|Any CPU.ActiveCfg = Debug|Any CPU
		{121FD6A8-6A7C-405A-B223-D3991D07D6E4}.Debug|Any CPU.Build.0 = Debug|Any CPU
		{121FD6A8-6A7C-405A-B223-D3991D07D6E4}.Debug|x64.ActiveCfg = Debug|Any CPU
		{121FD6A8-6A7C-405A-B223-D3991D07D6E4}.Debug|x64.Build.0 = Debug|Any CPU
		{121FD6A8-6A7C-405A-B223-D3991D07D6E4}.Debug|x86.ActiveCfg = Debug|Any CPU
		{121FD6A8-6A7C-405A-B223-D3991D07D6E4}.Debug|x86.Build.0 = Debug|Any CPU
		{121FD6A8-6A7C-405A-B223-D3991D07D6E4}.Release|Any CPU.ActiveCfg = Release|Any CPU
		{121FD6A8-6A7C-405A-B223-D3991D07D6E4}.Release|Any CPU.Build.0 = Release|Any CPU
		{121FD6A8-6A7C-405A-B223-D3991D07D6E4}.Release|x64.ActiveCfg = Release|Any CPU
		{121FD6A8-6A7C-405A-B223-D3991D07D6E4}.Release|x64.Build.0 = Release|Any CPU
		{121FD6A8-6A7C-405A-B223-D3991D07D6E4}.Release|x86.ActiveCfg = Release|Any CPU
		{121FD6A8-6A7C-405A-B223-D3991D07D6E4}.Release|x86.Build.0 = Release|Any CPU
		{5041A3DC-CBBF-4615-99B1-781B641BCC01}.debug_x86|Any CPU.ActiveCfg = Debug|Any CPU
		{5041A3DC-CBBF-4615-99B1-781B641BCC01}.debug_x86|Any CPU.Build.0 = Debug|Any CPU
		{5041A3DC-CBBF-4615-99B1-781B641BCC01}.debug_x86|x64.ActiveCfg = Debug|Any CPU
		{5041A3DC-CBBF-4615-99B1-781B641BCC01}.debug_x86|x64.Build.0 = Debug|Any CPU
		{5041A3DC-CBBF-4615-99B1-781B641BCC01}.debug_x86|x86.ActiveCfg = Debug|Any CPU
		{5041A3DC-CBBF-4615-99B1-781B641BCC01}.debug_x86|x86.Build.0 = Debug|Any CPU
		{5041A3DC-CBBF-4615-99B1-781B641BCC01}.Debug|Any CPU.ActiveCfg = Debug|Any CPU
		{5041A3DC-CBBF-4615-99B1-781B641BCC01}.Debug|Any CPU.Build.0 = Debug|Any CPU
		{5041A3DC-CBBF-4615-99B1-781B641BCC01}.Debug|x64.ActiveCfg = Debug|Any CPU
		{5041A3DC-CBBF-4615-99B1-781B641BCC01}.Debug|x64.Build.0 = Debug|Any CPU
		{5041A3DC-CBBF-4615-99B1-781B641BCC01}.Debug|x86.ActiveCfg = Debug|Any CPU
		{5041A3DC-CBBF-4615-99B1-781B641BCC01}.Debug|x86.Build.0 = Debug|Any CPU
		{5041A3DC-CBBF-4615-99B1-781B641BCC01}.Release|Any CPU.ActiveCfg = Release|Any CPU
		{5041A3DC-CBBF-4615-99B1-781B641BCC01}.Release|Any CPU.Build.0 = Release|Any CPU
		{5041A3DC-CBBF-4615-99B1-781B641BCC01}.Release|x64.ActiveCfg = Release|Any CPU
		{5041A3DC-CBBF-4615-99B1-781B641BCC01}.Release|x64.Build.0 = Release|Any CPU
		{5041A3DC-CBBF-4615-99B1-781B641BCC01}.Release|x86.ActiveCfg = Release|Any CPU
		{5041A3DC-CBBF-4615-99B1-781B641BCC01}.Release|x86.Build.0 = Release|Any CPU
		{4524AF86-DEEC-48DF-B613-EDCF1212047B}.debug_x86|Any CPU.ActiveCfg = Debug|Any CPU
		{4524AF86-DEEC-48DF-B613-EDCF1212047B}.debug_x86|Any CPU.Build.0 = Debug|Any CPU
		{4524AF86-DEEC-48DF-B613-EDCF1212047B}.debug_x86|x64.ActiveCfg = Debug|Any CPU
		{4524AF86-DEEC-48DF-B613-EDCF1212047B}.debug_x86|x64.Build.0 = Debug|Any CPU
		{4524AF86-DEEC-48DF-B613-EDCF1212047B}.debug_x86|x86.ActiveCfg = Debug|Any CPU
		{4524AF86-DEEC-48DF-B613-EDCF1212047B}.debug_x86|x86.Build.0 = Debug|Any CPU
		{4524AF86-DEEC-48DF-B613-EDCF1212047B}.Debug|Any CPU.ActiveCfg = Debug|Any CPU
		{4524AF86-DEEC-48DF-B613-EDCF1212047B}.Debug|Any CPU.Build.0 = Debug|Any CPU
		{4524AF86-DEEC-48DF-B613-EDCF1212047B}.Debug|x64.ActiveCfg = Debug|Any CPU
		{4524AF86-DEEC-48DF-B613-EDCF1212047B}.Debug|x64.Build.0 = Debug|Any CPU
		{4524AF86-DEEC-48DF-B613-EDCF1212047B}.Debug|x86.ActiveCfg = Debug|Any CPU
		{4524AF86-DEEC-48DF-B613-EDCF1212047B}.Debug|x86.Build.0 = Debug|Any CPU
		{4524AF86-DEEC-48DF-B613-EDCF1212047B}.Release|Any CPU.ActiveCfg = Release|Any CPU
		{4524AF86-DEEC-48DF-B613-EDCF1212047B}.Release|Any CPU.Build.0 = Release|Any CPU
		{4524AF86-DEEC-48DF-B613-EDCF1212047B}.Release|x64.ActiveCfg = Release|Any CPU
		{4524AF86-DEEC-48DF-B613-EDCF1212047B}.Release|x64.Build.0 = Release|Any CPU
		{4524AF86-DEEC-48DF-B613-EDCF1212047B}.Release|x86.ActiveCfg = Release|Any CPU
		{4524AF86-DEEC-48DF-B613-EDCF1212047B}.Release|x86.Build.0 = Release|Any CPU
		{D798406A-9D72-434E-82FF-38AA0D946AE9}.debug_x86|Any CPU.ActiveCfg = Debug|Any CPU
		{D798406A-9D72-434E-82FF-38AA0D946AE9}.debug_x86|Any CPU.Build.0 = Debug|Any CPU
		{D798406A-9D72-434E-82FF-38AA0D946AE9}.debug_x86|x64.ActiveCfg = Debug|Any CPU
		{D798406A-9D72-434E-82FF-38AA0D946AE9}.debug_x86|x64.Build.0 = Debug|Any CPU
		{D798406A-9D72-434E-82FF-38AA0D946AE9}.debug_x86|x86.ActiveCfg = Debug|Any CPU
		{D798406A-9D72-434E-82FF-38AA0D946AE9}.debug_x86|x86.Build.0 = Debug|Any CPU
		{D798406A-9D72-434E-82FF-38AA0D946AE9}.Debug|Any CPU.ActiveCfg = Debug|Any CPU
		{D798406A-9D72-434E-82FF-38AA0D946AE9}.Debug|Any CPU.Build.0 = Debug|Any CPU
		{D798406A-9D72-434E-82FF-38AA0D946AE9}.Debug|x64.ActiveCfg = Debug|Any CPU
		{D798406A-9D72-434E-82FF-38AA0D946AE9}.Debug|x64.Build.0 = Debug|Any CPU
		{D798406A-9D72-434E-82FF-38AA0D946AE9}.Debug|x86.ActiveCfg = Debug|Any CPU
		{D798406A-9D72-434E-82FF-38AA0D946AE9}.Debug|x86.Build.0 = Debug|Any CPU
		{D798406A-9D72-434E-82FF-38AA0D946AE9}.Release|Any CPU.ActiveCfg = Release|Any CPU
		{D798406A-9D72-434E-82FF-38AA0D946AE9}.Release|Any CPU.Build.0 = Release|Any CPU
		{D798406A-9D72-434E-82FF-38AA0D946AE9}.Release|x64.ActiveCfg = Release|Any CPU
		{D798406A-9D72-434E-82FF-38AA0D946AE9}.Release|x64.Build.0 = Release|Any CPU
		{D798406A-9D72-434E-82FF-38AA0D946AE9}.Release|x86.ActiveCfg = Release|Any CPU
		{D798406A-9D72-434E-82FF-38AA0D946AE9}.Release|x86.Build.0 = Release|Any CPU
		{AF3DE3DB-6FCD-459B-A413-70229C5AA34F}.debug_x86|Any CPU.ActiveCfg = Debug|Any CPU
		{AF3DE3DB-6FCD-459B-A413-70229C5AA34F}.debug_x86|Any CPU.Build.0 = Debug|Any CPU
		{AF3DE3DB-6FCD-459B-A413-70229C5AA34F}.debug_x86|x64.ActiveCfg = Debug|Any CPU
		{AF3DE3DB-6FCD-459B-A413-70229C5AA34F}.debug_x86|x64.Build.0 = Debug|Any CPU
		{AF3DE3DB-6FCD-459B-A413-70229C5AA34F}.debug_x86|x86.ActiveCfg = Debug|Any CPU
		{AF3DE3DB-6FCD-459B-A413-70229C5AA34F}.debug_x86|x86.Build.0 = Debug|Any CPU
		{AF3DE3DB-6FCD-459B-A413-70229C5AA34F}.Debug|Any CPU.ActiveCfg = Debug|Any CPU
		{AF3DE3DB-6FCD-459B-A413-70229C5AA34F}.Debug|Any CPU.Build.0 = Debug|Any CPU
		{AF3DE3DB-6FCD-459B-A413-70229C5AA34F}.Debug|x64.ActiveCfg = Debug|Any CPU
		{AF3DE3DB-6FCD-459B-A413-70229C5AA34F}.Debug|x64.Build.0 = Debug|Any CPU
		{AF3DE3DB-6FCD-459B-A413-70229C5AA34F}.Debug|x86.ActiveCfg = Debug|Any CPU
		{AF3DE3DB-6FCD-459B-A413-70229C5AA34F}.Debug|x86.Build.0 = Debug|Any CPU
		{AF3DE3DB-6FCD-459B-A413-70229C5AA34F}.Release|Any CPU.ActiveCfg = Release|Any CPU
		{AF3DE3DB-6FCD-459B-A413-70229C5AA34F}.Release|Any CPU.Build.0 = Release|Any CPU
		{AF3DE3DB-6FCD-459B-A413-70229C5AA34F}.Release|x64.ActiveCfg = Release|Any CPU
		{AF3DE3DB-6FCD-459B-A413-70229C5AA34F}.Release|x64.Build.0 = Release|Any CPU
		{AF3DE3DB-6FCD-459B-A413-70229C5AA34F}.Release|x86.ActiveCfg = Release|Any CPU
		{AF3DE3DB-6FCD-459B-A413-70229C5AA34F}.Release|x86.Build.0 = Release|Any CPU
		{E44DFA05-387E-44A9-8F5D-89EA9AAED43F}.debug_x86|Any CPU.ActiveCfg = Debug|Any CPU
		{E44DFA05-387E-44A9-8F5D-89EA9AAED43F}.debug_x86|Any CPU.Build.0 = Debug|Any CPU
		{E44DFA05-387E-44A9-8F5D-89EA9AAED43F}.debug_x86|x64.ActiveCfg = Debug|Any CPU
		{E44DFA05-387E-44A9-8F5D-89EA9AAED43F}.debug_x86|x64.Build.0 = Debug|Any CPU
		{E44DFA05-387E-44A9-8F5D-89EA9AAED43F}.debug_x86|x86.ActiveCfg = Debug|Any CPU
		{E44DFA05-387E-44A9-8F5D-89EA9AAED43F}.debug_x86|x86.Build.0 = Debug|Any CPU
		{E44DFA05-387E-44A9-8F5D-89EA9AAED43F}.Debug|Any CPU.ActiveCfg = Debug|Any CPU
		{E44DFA05-387E-44A9-8F5D-89EA9AAED43F}.Debug|Any CPU.Build.0 = Debug|Any CPU
		{E44DFA05-387E-44A9-8F5D-89EA9AAED43F}.Debug|x64.ActiveCfg = Debug|Any CPU
		{E44DFA05-387E-44A9-8F5D-89EA9AAED43F}.Debug|x64.Build.0 = Debug|Any CPU
		{E44DFA05-387E-44A9-8F5D-89EA9AAED43F}.Debug|x86.ActiveCfg = Debug|Any CPU
		{E44DFA05-387E-44A9-8F5D-89EA9AAED43F}.Debug|x86.Build.0 = Debug|Any CPU
		{E44DFA05-387E-44A9-8F5D-89EA9AAED43F}.Release|Any CPU.ActiveCfg = Release|Any CPU
		{E44DFA05-387E-44A9-8F5D-89EA9AAED43F}.Release|Any CPU.Build.0 = Release|Any CPU
		{E44DFA05-387E-44A9-8F5D-89EA9AAED43F}.Release|x64.ActiveCfg = Release|Any CPU
		{E44DFA05-387E-44A9-8F5D-89EA9AAED43F}.Release|x64.Build.0 = Release|Any CPU
		{E44DFA05-387E-44A9-8F5D-89EA9AAED43F}.Release|x86.ActiveCfg = Release|Any CPU
		{E44DFA05-387E-44A9-8F5D-89EA9AAED43F}.Release|x86.Build.0 = Release|Any CPU
		{98D140A5-7719-4B03-B696-C5294B3CAD64}.debug_x86|Any CPU.ActiveCfg = Debug|Any CPU
		{98D140A5-7719-4B03-B696-C5294B3CAD64}.debug_x86|Any CPU.Build.0 = Debug|Any CPU
		{98D140A5-7719-4B03-B696-C5294B3CAD64}.debug_x86|x64.ActiveCfg = Debug|Any CPU
		{98D140A5-7719-4B03-B696-C5294B3CAD64}.debug_x86|x64.Build.0 = Debug|Any CPU
		{98D140A5-7719-4B03-B696-C5294B3CAD64}.debug_x86|x86.ActiveCfg = Debug|Any CPU
		{98D140A5-7719-4B03-B696-C5294B3CAD64}.debug_x86|x86.Build.0 = Debug|Any CPU
		{98D140A5-7719-4B03-B696-C5294B3CAD64}.Debug|Any CPU.ActiveCfg = Debug|Any CPU
		{98D140A5-7719-4B03-B696-C5294B3CAD64}.Debug|Any CPU.Build.0 = Debug|Any CPU
		{98D140A5-7719-4B03-B696-C5294B3CAD64}.Debug|x64.ActiveCfg = Debug|Any CPU
		{98D140A5-7719-4B03-B696-C5294B3CAD64}.Debug|x64.Build.0 = Debug|Any CPU
		{98D140A5-7719-4B03-B696-C5294B3CAD64}.Debug|x86.ActiveCfg = Debug|Any CPU
		{98D140A5-7719-4B03-B696-C5294B3CAD64}.Debug|x86.Build.0 = Debug|Any CPU
		{98D140A5-7719-4B03-B696-C5294B3CAD64}.Release|Any CPU.ActiveCfg = Release|Any CPU
		{98D140A5-7719-4B03-B696-C5294B3CAD64}.Release|Any CPU.Build.0 = Release|Any CPU
		{98D140A5-7719-4B03-B696-C5294B3CAD64}.Release|x64.ActiveCfg = Release|Any CPU
		{98D140A5-7719-4B03-B696-C5294B3CAD64}.Release|x64.Build.0 = Release|Any CPU
		{98D140A5-7719-4B03-B696-C5294B3CAD64}.Release|x86.ActiveCfg = Release|Any CPU
		{98D140A5-7719-4B03-B696-C5294B3CAD64}.Release|x86.Build.0 = Release|Any CPU
		{315EDEE3-EB23-4019-958D-C1EEA5F1DA18}.debug_x86|Any CPU.ActiveCfg = Debug|Any CPU
		{315EDEE3-EB23-4019-958D-C1EEA5F1DA18}.debug_x86|Any CPU.Build.0 = Debug|Any CPU
		{315EDEE3-EB23-4019-958D-C1EEA5F1DA18}.debug_x86|x64.ActiveCfg = Debug|Any CPU
		{315EDEE3-EB23-4019-958D-C1EEA5F1DA18}.debug_x86|x64.Build.0 = Debug|Any CPU
		{315EDEE3-EB23-4019-958D-C1EEA5F1DA18}.debug_x86|x86.ActiveCfg = Debug|Any CPU
		{315EDEE3-EB23-4019-958D-C1EEA5F1DA18}.debug_x86|x86.Build.0 = Debug|Any CPU
		{315EDEE3-EB23-4019-958D-C1EEA5F1DA18}.Debug|Any CPU.ActiveCfg = Debug|Any CPU
		{315EDEE3-EB23-4019-958D-C1EEA5F1DA18}.Debug|Any CPU.Build.0 = Debug|Any CPU
		{315EDEE3-EB23-4019-958D-C1EEA5F1DA18}.Debug|x64.ActiveCfg = Debug|Any CPU
		{315EDEE3-EB23-4019-958D-C1EEA5F1DA18}.Debug|x64.Build.0 = Debug|Any CPU
		{315EDEE3-EB23-4019-958D-C1EEA5F1DA18}.Debug|x86.ActiveCfg = Debug|Any CPU
		{315EDEE3-EB23-4019-958D-C1EEA5F1DA18}.Debug|x86.Build.0 = Debug|Any CPU
		{315EDEE3-EB23-4019-958D-C1EEA5F1DA18}.Release|Any CPU.ActiveCfg = Release|Any CPU
		{315EDEE3-EB23-4019-958D-C1EEA5F1DA18}.Release|Any CPU.Build.0 = Release|Any CPU
		{315EDEE3-EB23-4019-958D-C1EEA5F1DA18}.Release|x64.ActiveCfg = Release|Any CPU
		{315EDEE3-EB23-4019-958D-C1EEA5F1DA18}.Release|x64.Build.0 = Release|Any CPU
		{315EDEE3-EB23-4019-958D-C1EEA5F1DA18}.Release|x86.ActiveCfg = Release|Any CPU
		{315EDEE3-EB23-4019-958D-C1EEA5F1DA18}.Release|x86.Build.0 = Release|Any CPU
		{CB0F7112-C0BF-4249-BB41-5F2EFA760757}.debug_x86|Any CPU.ActiveCfg = Debug|Any CPU
		{CB0F7112-C0BF-4249-BB41-5F2EFA760757}.debug_x86|Any CPU.Build.0 = Debug|Any CPU
		{CB0F7112-C0BF-4249-BB41-5F2EFA760757}.debug_x86|x64.ActiveCfg = Debug|Any CPU
		{CB0F7112-C0BF-4249-BB41-5F2EFA760757}.debug_x86|x64.Build.0 = Debug|Any CPU
		{CB0F7112-C0BF-4249-BB41-5F2EFA760757}.debug_x86|x86.ActiveCfg = Debug|Any CPU
		{CB0F7112-C0BF-4249-BB41-5F2EFA760757}.debug_x86|x86.Build.0 = Debug|Any CPU
		{CB0F7112-C0BF-4249-BB41-5F2EFA760757}.Debug|Any CPU.ActiveCfg = Debug|Any CPU
		{CB0F7112-C0BF-4249-BB41-5F2EFA760757}.Debug|Any CPU.Build.0 = Debug|Any CPU
		{CB0F7112-C0BF-4249-BB41-5F2EFA760757}.Debug|x64.ActiveCfg = Debug|Any CPU
		{CB0F7112-C0BF-4249-BB41-5F2EFA760757}.Debug|x64.Build.0 = Debug|Any CPU
		{CB0F7112-C0BF-4249-BB41-5F2EFA760757}.Debug|x86.ActiveCfg = Debug|Any CPU
		{CB0F7112-C0BF-4249-BB41-5F2EFA760757}.Debug|x86.Build.0 = Debug|Any CPU
		{CB0F7112-C0BF-4249-BB41-5F2EFA760757}.Release|Any CPU.ActiveCfg = Release|Any CPU
		{CB0F7112-C0BF-4249-BB41-5F2EFA760757}.Release|Any CPU.Build.0 = Release|Any CPU
		{CB0F7112-C0BF-4249-BB41-5F2EFA760757}.Release|x64.ActiveCfg = Release|Any CPU
		{CB0F7112-C0BF-4249-BB41-5F2EFA760757}.Release|x64.Build.0 = Release|Any CPU
		{CB0F7112-C0BF-4249-BB41-5F2EFA760757}.Release|x86.ActiveCfg = Release|Any CPU
		{CB0F7112-C0BF-4249-BB41-5F2EFA760757}.Release|x86.Build.0 = Release|Any CPU
		{B2FB25DC-DD8D-4A0E-AF9F-CCBC6ED75ED0}.debug_x86|Any CPU.ActiveCfg = Debug|Any CPU
		{B2FB25DC-DD8D-4A0E-AF9F-CCBC6ED75ED0}.debug_x86|Any CPU.Build.0 = Debug|Any CPU
		{B2FB25DC-DD8D-4A0E-AF9F-CCBC6ED75ED0}.debug_x86|x64.ActiveCfg = Debug|Any CPU
		{B2FB25DC-DD8D-4A0E-AF9F-CCBC6ED75ED0}.debug_x86|x64.Build.0 = Debug|Any CPU
		{B2FB25DC-DD8D-4A0E-AF9F-CCBC6ED75ED0}.debug_x86|x86.ActiveCfg = Debug|Any CPU
		{B2FB25DC-DD8D-4A0E-AF9F-CCBC6ED75ED0}.debug_x86|x86.Build.0 = Debug|Any CPU
		{B2FB25DC-DD8D-4A0E-AF9F-CCBC6ED75ED0}.Debug|Any CPU.ActiveCfg = Debug|Any CPU
		{B2FB25DC-DD8D-4A0E-AF9F-CCBC6ED75ED0}.Debug|Any CPU.Build.0 = Debug|Any CPU
		{B2FB25DC-DD8D-4A0E-AF9F-CCBC6ED75ED0}.Debug|x64.ActiveCfg = Debug|Any CPU
		{B2FB25DC-DD8D-4A0E-AF9F-CCBC6ED75ED0}.Debug|x64.Build.0 = Debug|Any CPU
		{B2FB25DC-DD8D-4A0E-AF9F-CCBC6ED75ED0}.Debug|x86.ActiveCfg = Debug|Any CPU
		{B2FB25DC-DD8D-4A0E-AF9F-CCBC6ED75ED0}.Debug|x86.Build.0 = Debug|Any CPU
		{B2FB25DC-DD8D-4A0E-AF9F-CCBC6ED75ED0}.Release|Any CPU.ActiveCfg = Release|Any CPU
		{B2FB25DC-DD8D-4A0E-AF9F-CCBC6ED75ED0}.Release|Any CPU.Build.0 = Release|Any CPU
		{B2FB25DC-DD8D-4A0E-AF9F-CCBC6ED75ED0}.Release|x64.ActiveCfg = Release|Any CPU
		{B2FB25DC-DD8D-4A0E-AF9F-CCBC6ED75ED0}.Release|x64.Build.0 = Release|Any CPU
		{B2FB25DC-DD8D-4A0E-AF9F-CCBC6ED75ED0}.Release|x86.ActiveCfg = Release|Any CPU
		{B2FB25DC-DD8D-4A0E-AF9F-CCBC6ED75ED0}.Release|x86.Build.0 = Release|Any CPU
		{867AB4D3-0EE0-4A3E-B0F0-78E2B612495A}.debug_x86|Any CPU.ActiveCfg = Debug|Any CPU
		{867AB4D3-0EE0-4A3E-B0F0-78E2B612495A}.debug_x86|Any CPU.Build.0 = Debug|Any CPU
		{867AB4D3-0EE0-4A3E-B0F0-78E2B612495A}.debug_x86|x64.ActiveCfg = Debug|Any CPU
		{867AB4D3-0EE0-4A3E-B0F0-78E2B612495A}.debug_x86|x64.Build.0 = Debug|Any CPU
		{867AB4D3-0EE0-4A3E-B0F0-78E2B612495A}.debug_x86|x86.ActiveCfg = Debug|Any CPU
		{867AB4D3-0EE0-4A3E-B0F0-78E2B612495A}.debug_x86|x86.Build.0 = Debug|Any CPU
		{867AB4D3-0EE0-4A3E-B0F0-78E2B612495A}.Debug|Any CPU.ActiveCfg = Debug|Any CPU
		{867AB4D3-0EE0-4A3E-B0F0-78E2B612495A}.Debug|Any CPU.Build.0 = Debug|Any CPU
		{867AB4D3-0EE0-4A3E-B0F0-78E2B612495A}.Debug|x64.ActiveCfg = Debug|Any CPU
		{867AB4D3-0EE0-4A3E-B0F0-78E2B612495A}.Debug|x64.Build.0 = Debug|Any CPU
		{867AB4D3-0EE0-4A3E-B0F0-78E2B612495A}.Debug|x86.ActiveCfg = Debug|Any CPU
		{867AB4D3-0EE0-4A3E-B0F0-78E2B612495A}.Debug|x86.Build.0 = Debug|Any CPU
		{867AB4D3-0EE0-4A3E-B0F0-78E2B612495A}.Release|Any CPU.ActiveCfg = Release|Any CPU
		{867AB4D3-0EE0-4A3E-B0F0-78E2B612495A}.Release|Any CPU.Build.0 = Release|Any CPU
		{867AB4D3-0EE0-4A3E-B0F0-78E2B612495A}.Release|x64.ActiveCfg = Release|Any CPU
		{867AB4D3-0EE0-4A3E-B0F0-78E2B612495A}.Release|x64.Build.0 = Release|Any CPU
		{867AB4D3-0EE0-4A3E-B0F0-78E2B612495A}.Release|x86.ActiveCfg = Release|Any CPU
		{867AB4D3-0EE0-4A3E-B0F0-78E2B612495A}.Release|x86.Build.0 = Release|Any CPU
		{8A75336B-A55F-42F6-B8BA-B55EFDA39705}.debug_x86|Any CPU.ActiveCfg = Debug|Any CPU
		{8A75336B-A55F-42F6-B8BA-B55EFDA39705}.debug_x86|Any CPU.Build.0 = Debug|Any CPU
		{8A75336B-A55F-42F6-B8BA-B55EFDA39705}.debug_x86|x64.ActiveCfg = Debug|Any CPU
		{8A75336B-A55F-42F6-B8BA-B55EFDA39705}.debug_x86|x64.Build.0 = Debug|Any CPU
		{8A75336B-A55F-42F6-B8BA-B55EFDA39705}.debug_x86|x86.ActiveCfg = Debug|Any CPU
		{8A75336B-A55F-42F6-B8BA-B55EFDA39705}.debug_x86|x86.Build.0 = Debug|Any CPU
		{8A75336B-A55F-42F6-B8BA-B55EFDA39705}.Debug|Any CPU.ActiveCfg = Debug|Any CPU
		{8A75336B-A55F-42F6-B8BA-B55EFDA39705}.Debug|Any CPU.Build.0 = Debug|Any CPU
		{8A75336B-A55F-42F6-B8BA-B55EFDA39705}.Debug|x64.ActiveCfg = Debug|Any CPU
		{8A75336B-A55F-42F6-B8BA-B55EFDA39705}.Debug|x64.Build.0 = Debug|Any CPU
		{8A75336B-A55F-42F6-B8BA-B55EFDA39705}.Debug|x86.ActiveCfg = Debug|Any CPU
		{8A75336B-A55F-42F6-B8BA-B55EFDA39705}.Debug|x86.Build.0 = Debug|Any CPU
		{8A75336B-A55F-42F6-B8BA-B55EFDA39705}.Release|Any CPU.ActiveCfg = Release|Any CPU
		{8A75336B-A55F-42F6-B8BA-B55EFDA39705}.Release|Any CPU.Build.0 = Release|Any CPU
		{8A75336B-A55F-42F6-B8BA-B55EFDA39705}.Release|x64.ActiveCfg = Release|Any CPU
		{8A75336B-A55F-42F6-B8BA-B55EFDA39705}.Release|x64.Build.0 = Release|Any CPU
		{8A75336B-A55F-42F6-B8BA-B55EFDA39705}.Release|x86.ActiveCfg = Release|Any CPU
		{8A75336B-A55F-42F6-B8BA-B55EFDA39705}.Release|x86.Build.0 = Release|Any CPU
		{0294A050-806F-4FF5-989E-9755DF3D56B1}.debug_x86|Any CPU.ActiveCfg = Debug|Any CPU
		{0294A050-806F-4FF5-989E-9755DF3D56B1}.debug_x86|Any CPU.Build.0 = Debug|Any CPU
		{0294A050-806F-4FF5-989E-9755DF3D56B1}.debug_x86|x64.ActiveCfg = Debug|Any CPU
		{0294A050-806F-4FF5-989E-9755DF3D56B1}.debug_x86|x64.Build.0 = Debug|Any CPU
		{0294A050-806F-4FF5-989E-9755DF3D56B1}.debug_x86|x86.ActiveCfg = Debug|Any CPU
		{0294A050-806F-4FF5-989E-9755DF3D56B1}.debug_x86|x86.Build.0 = Debug|Any CPU
		{0294A050-806F-4FF5-989E-9755DF3D56B1}.Debug|Any CPU.ActiveCfg = Debug|Any CPU
		{0294A050-806F-4FF5-989E-9755DF3D56B1}.Debug|Any CPU.Build.0 = Debug|Any CPU
		{0294A050-806F-4FF5-989E-9755DF3D56B1}.Debug|x64.ActiveCfg = Debug|Any CPU
		{0294A050-806F-4FF5-989E-9755DF3D56B1}.Debug|x64.Build.0 = Debug|Any CPU
		{0294A050-806F-4FF5-989E-9755DF3D56B1}.Debug|x86.ActiveCfg = Debug|Any CPU
		{0294A050-806F-4FF5-989E-9755DF3D56B1}.Debug|x86.Build.0 = Debug|Any CPU
		{0294A050-806F-4FF5-989E-9755DF3D56B1}.Release|Any CPU.ActiveCfg = Release|Any CPU
		{0294A050-806F-4FF5-989E-9755DF3D56B1}.Release|Any CPU.Build.0 = Release|Any CPU
		{0294A050-806F-4FF5-989E-9755DF3D56B1}.Release|x64.ActiveCfg = Release|Any CPU
		{0294A050-806F-4FF5-989E-9755DF3D56B1}.Release|x64.Build.0 = Release|Any CPU
		{0294A050-806F-4FF5-989E-9755DF3D56B1}.Release|x86.ActiveCfg = Release|Any CPU
		{0294A050-806F-4FF5-989E-9755DF3D56B1}.Release|x86.Build.0 = Release|Any CPU
		{B88965E6-D92E-450C-B78B-D5FF81D35E7A}.debug_x86|Any CPU.ActiveCfg = Debug|Any CPU
		{B88965E6-D92E-450C-B78B-D5FF81D35E7A}.debug_x86|Any CPU.Build.0 = Debug|Any CPU
		{B88965E6-D92E-450C-B78B-D5FF81D35E7A}.debug_x86|x64.ActiveCfg = Debug|Any CPU
		{B88965E6-D92E-450C-B78B-D5FF81D35E7A}.debug_x86|x64.Build.0 = Debug|Any CPU
		{B88965E6-D92E-450C-B78B-D5FF81D35E7A}.debug_x86|x86.ActiveCfg = Debug|Any CPU
		{B88965E6-D92E-450C-B78B-D5FF81D35E7A}.debug_x86|x86.Build.0 = Debug|Any CPU
		{B88965E6-D92E-450C-B78B-D5FF81D35E7A}.Debug|Any CPU.ActiveCfg = Debug|Any CPU
		{B88965E6-D92E-450C-B78B-D5FF81D35E7A}.Debug|Any CPU.Build.0 = Debug|Any CPU
		{B88965E6-D92E-450C-B78B-D5FF81D35E7A}.Debug|x64.ActiveCfg = Debug|Any CPU
		{B88965E6-D92E-450C-B78B-D5FF81D35E7A}.Debug|x64.Build.0 = Debug|Any CPU
		{B88965E6-D92E-450C-B78B-D5FF81D35E7A}.Debug|x86.ActiveCfg = Debug|Any CPU
		{B88965E6-D92E-450C-B78B-D5FF81D35E7A}.Debug|x86.Build.0 = Debug|Any CPU
		{B88965E6-D92E-450C-B78B-D5FF81D35E7A}.Release|Any CPU.ActiveCfg = Release|Any CPU
		{B88965E6-D92E-450C-B78B-D5FF81D35E7A}.Release|Any CPU.Build.0 = Release|Any CPU
		{B88965E6-D92E-450C-B78B-D5FF81D35E7A}.Release|x64.ActiveCfg = Release|Any CPU
		{B88965E6-D92E-450C-B78B-D5FF81D35E7A}.Release|x64.Build.0 = Release|Any CPU
		{B88965E6-D92E-450C-B78B-D5FF81D35E7A}.Release|x86.ActiveCfg = Release|Any CPU
		{B88965E6-D92E-450C-B78B-D5FF81D35E7A}.Release|x86.Build.0 = Release|Any CPU
		{D3BB8134-3864-4C66-A3BE-1025310FFC75}.debug_x86|Any CPU.ActiveCfg = Debug|Any CPU
		{D3BB8134-3864-4C66-A3BE-1025310FFC75}.debug_x86|Any CPU.Build.0 = Debug|Any CPU
		{D3BB8134-3864-4C66-A3BE-1025310FFC75}.debug_x86|x64.ActiveCfg = Debug|Any CPU
		{D3BB8134-3864-4C66-A3BE-1025310FFC75}.debug_x86|x64.Build.0 = Debug|Any CPU
		{D3BB8134-3864-4C66-A3BE-1025310FFC75}.debug_x86|x86.ActiveCfg = Debug|Any CPU
		{D3BB8134-3864-4C66-A3BE-1025310FFC75}.debug_x86|x86.Build.0 = Debug|Any CPU
		{D3BB8134-3864-4C66-A3BE-1025310FFC75}.Debug|Any CPU.ActiveCfg = Debug|Any CPU
		{D3BB8134-3864-4C66-A3BE-1025310FFC75}.Debug|Any CPU.Build.0 = Debug|Any CPU
		{D3BB8134-3864-4C66-A3BE-1025310FFC75}.Debug|x64.ActiveCfg = Debug|Any CPU
		{D3BB8134-3864-4C66-A3BE-1025310FFC75}.Debug|x64.Build.0 = Debug|Any CPU
		{D3BB8134-3864-4C66-A3BE-1025310FFC75}.Debug|x86.ActiveCfg = Debug|Any CPU
		{D3BB8134-3864-4C66-A3BE-1025310FFC75}.Debug|x86.Build.0 = Debug|Any CPU
		{D3BB8134-3864-4C66-A3BE-1025310FFC75}.Release|Any CPU.ActiveCfg = Release|Any CPU
		{D3BB8134-3864-4C66-A3BE-1025310FFC75}.Release|Any CPU.Build.0 = Release|Any CPU
		{D3BB8134-3864-4C66-A3BE-1025310FFC75}.Release|x64.ActiveCfg = Release|Any CPU
		{D3BB8134-3864-4C66-A3BE-1025310FFC75}.Release|x64.Build.0 = Release|Any CPU
		{D3BB8134-3864-4C66-A3BE-1025310FFC75}.Release|x86.ActiveCfg = Release|Any CPU
		{D3BB8134-3864-4C66-A3BE-1025310FFC75}.Release|x86.Build.0 = Release|Any CPU
		{64CA7759-DE6A-4D52-9952-7696525C044E}.debug_x86|Any CPU.ActiveCfg = Debug|Any CPU
		{64CA7759-DE6A-4D52-9952-7696525C044E}.debug_x86|Any CPU.Build.0 = Debug|Any CPU
		{64CA7759-DE6A-4D52-9952-7696525C044E}.debug_x86|x64.ActiveCfg = Debug|Any CPU
		{64CA7759-DE6A-4D52-9952-7696525C044E}.debug_x86|x64.Build.0 = Debug|Any CPU
		{64CA7759-DE6A-4D52-9952-7696525C044E}.debug_x86|x86.ActiveCfg = Debug|Any CPU
		{64CA7759-DE6A-4D52-9952-7696525C044E}.debug_x86|x86.Build.0 = Debug|Any CPU
		{64CA7759-DE6A-4D52-9952-7696525C044E}.Debug|Any CPU.ActiveCfg = Debug|Any CPU
		{64CA7759-DE6A-4D52-9952-7696525C044E}.Debug|Any CPU.Build.0 = Debug|Any CPU
		{64CA7759-DE6A-4D52-9952-7696525C044E}.Debug|x64.ActiveCfg = Debug|Any CPU
		{64CA7759-DE6A-4D52-9952-7696525C044E}.Debug|x64.Build.0 = Debug|Any CPU
		{64CA7759-DE6A-4D52-9952-7696525C044E}.Debug|x86.ActiveCfg = Debug|Any CPU
		{64CA7759-DE6A-4D52-9952-7696525C044E}.Debug|x86.Build.0 = Debug|Any CPU
		{64CA7759-DE6A-4D52-9952-7696525C044E}.Release|Any CPU.ActiveCfg = Release|Any CPU
		{64CA7759-DE6A-4D52-9952-7696525C044E}.Release|Any CPU.Build.0 = Release|Any CPU
		{64CA7759-DE6A-4D52-9952-7696525C044E}.Release|x64.ActiveCfg = Release|Any CPU
		{64CA7759-DE6A-4D52-9952-7696525C044E}.Release|x64.Build.0 = Release|Any CPU
		{64CA7759-DE6A-4D52-9952-7696525C044E}.Release|x86.ActiveCfg = Release|Any CPU
		{64CA7759-DE6A-4D52-9952-7696525C044E}.Release|x86.Build.0 = Release|Any CPU
		{6C635494-31A4-4664-9883-0242838DC664}.debug_x86|Any CPU.ActiveCfg = Debug|Any CPU
		{6C635494-31A4-4664-9883-0242838DC664}.debug_x86|Any CPU.Build.0 = Debug|Any CPU
		{6C635494-31A4-4664-9883-0242838DC664}.debug_x86|x64.ActiveCfg = Debug|Any CPU
		{6C635494-31A4-4664-9883-0242838DC664}.debug_x86|x64.Build.0 = Debug|Any CPU
		{6C635494-31A4-4664-9883-0242838DC664}.debug_x86|x86.ActiveCfg = Debug|Any CPU
		{6C635494-31A4-4664-9883-0242838DC664}.debug_x86|x86.Build.0 = Debug|Any CPU
		{6C635494-31A4-4664-9883-0242838DC664}.Debug|Any CPU.ActiveCfg = Debug|Any CPU
		{6C635494-31A4-4664-9883-0242838DC664}.Debug|Any CPU.Build.0 = Debug|Any CPU
		{6C635494-31A4-4664-9883-0242838DC664}.Debug|x64.ActiveCfg = Debug|Any CPU
		{6C635494-31A4-4664-9883-0242838DC664}.Debug|x64.Build.0 = Debug|Any CPU
		{6C635494-31A4-4664-9883-0242838DC664}.Debug|x86.ActiveCfg = Debug|Any CPU
		{6C635494-31A4-4664-9883-0242838DC664}.Debug|x86.Build.0 = Debug|Any CPU
		{6C635494-31A4-4664-9883-0242838DC664}.Release|Any CPU.ActiveCfg = Release|Any CPU
		{6C635494-31A4-4664-9883-0242838DC664}.Release|Any CPU.Build.0 = Release|Any CPU
		{6C635494-31A4-4664-9883-0242838DC664}.Release|x64.ActiveCfg = Release|Any CPU
		{6C635494-31A4-4664-9883-0242838DC664}.Release|x64.Build.0 = Release|Any CPU
		{6C635494-31A4-4664-9883-0242838DC664}.Release|x86.ActiveCfg = Release|Any CPU
		{6C635494-31A4-4664-9883-0242838DC664}.Release|x86.Build.0 = Release|Any CPU
		{4A14E2F6-871E-4B77-B74A-A4AE3F989EFA}.debug_x86|Any CPU.ActiveCfg = Debug|Any CPU
		{4A14E2F6-871E-4B77-B74A-A4AE3F989EFA}.debug_x86|Any CPU.Build.0 = Debug|Any CPU
		{4A14E2F6-871E-4B77-B74A-A4AE3F989EFA}.debug_x86|x64.ActiveCfg = Debug|Any CPU
		{4A14E2F6-871E-4B77-B74A-A4AE3F989EFA}.debug_x86|x64.Build.0 = Debug|Any CPU
		{4A14E2F6-871E-4B77-B74A-A4AE3F989EFA}.debug_x86|x86.ActiveCfg = Debug|Any CPU
		{4A14E2F6-871E-4B77-B74A-A4AE3F989EFA}.debug_x86|x86.Build.0 = Debug|Any CPU
		{4A14E2F6-871E-4B77-B74A-A4AE3F989EFA}.Debug|Any CPU.ActiveCfg = Debug|Any CPU
		{4A14E2F6-871E-4B77-B74A-A4AE3F989EFA}.Debug|Any CPU.Build.0 = Debug|Any CPU
		{4A14E2F6-871E-4B77-B74A-A4AE3F989EFA}.Debug|x64.ActiveCfg = Debug|Any CPU
		{4A14E2F6-871E-4B77-B74A-A4AE3F989EFA}.Debug|x64.Build.0 = Debug|Any CPU
		{4A14E2F6-871E-4B77-B74A-A4AE3F989EFA}.Debug|x86.ActiveCfg = Debug|Any CPU
		{4A14E2F6-871E-4B77-B74A-A4AE3F989EFA}.Debug|x86.Build.0 = Debug|Any CPU
		{4A14E2F6-871E-4B77-B74A-A4AE3F989EFA}.Release|Any CPU.ActiveCfg = Release|Any CPU
		{4A14E2F6-871E-4B77-B74A-A4AE3F989EFA}.Release|Any CPU.Build.0 = Release|Any CPU
		{4A14E2F6-871E-4B77-B74A-A4AE3F989EFA}.Release|x64.ActiveCfg = Release|Any CPU
		{4A14E2F6-871E-4B77-B74A-A4AE3F989EFA}.Release|x64.Build.0 = Release|Any CPU
		{4A14E2F6-871E-4B77-B74A-A4AE3F989EFA}.Release|x86.ActiveCfg = Release|Any CPU
		{4A14E2F6-871E-4B77-B74A-A4AE3F989EFA}.Release|x86.Build.0 = Release|Any CPU
		{FE1D7C08-F4B9-4637-BD12-4D19E0DE81D6}.debug_x86|Any CPU.ActiveCfg = Debug|Any CPU
		{FE1D7C08-F4B9-4637-BD12-4D19E0DE81D6}.debug_x86|Any CPU.Build.0 = Debug|Any CPU
		{FE1D7C08-F4B9-4637-BD12-4D19E0DE81D6}.debug_x86|x64.ActiveCfg = Debug|Any CPU
		{FE1D7C08-F4B9-4637-BD12-4D19E0DE81D6}.debug_x86|x64.Build.0 = Debug|Any CPU
		{FE1D7C08-F4B9-4637-BD12-4D19E0DE81D6}.debug_x86|x86.ActiveCfg = Debug|Any CPU
		{FE1D7C08-F4B9-4637-BD12-4D19E0DE81D6}.debug_x86|x86.Build.0 = Debug|Any CPU
		{FE1D7C08-F4B9-4637-BD12-4D19E0DE81D6}.Debug|Any CPU.ActiveCfg = Debug|Any CPU
		{FE1D7C08-F4B9-4637-BD12-4D19E0DE81D6}.Debug|Any CPU.Build.0 = Debug|Any CPU
		{FE1D7C08-F4B9-4637-BD12-4D19E0DE81D6}.Debug|x64.ActiveCfg = Debug|Any CPU
		{FE1D7C08-F4B9-4637-BD12-4D19E0DE81D6}.Debug|x64.Build.0 = Debug|Any CPU
		{FE1D7C08-F4B9-4637-BD12-4D19E0DE81D6}.Debug|x86.ActiveCfg = Debug|Any CPU
		{FE1D7C08-F4B9-4637-BD12-4D19E0DE81D6}.Debug|x86.Build.0 = Debug|Any CPU
		{FE1D7C08-F4B9-4637-BD12-4D19E0DE81D6}.Release|Any CPU.ActiveCfg = Release|Any CPU
		{FE1D7C08-F4B9-4637-BD12-4D19E0DE81D6}.Release|Any CPU.Build.0 = Release|Any CPU
		{FE1D7C08-F4B9-4637-BD12-4D19E0DE81D6}.Release|x64.ActiveCfg = Release|Any CPU
		{FE1D7C08-F4B9-4637-BD12-4D19E0DE81D6}.Release|x64.Build.0 = Release|Any CPU
		{FE1D7C08-F4B9-4637-BD12-4D19E0DE81D6}.Release|x86.ActiveCfg = Release|Any CPU
		{FE1D7C08-F4B9-4637-BD12-4D19E0DE81D6}.Release|x86.Build.0 = Release|Any CPU
		{B50D6EFB-9F08-4261-B517-27F71FB448D0}.debug_x86|Any CPU.ActiveCfg = Debug|Any CPU
		{B50D6EFB-9F08-4261-B517-27F71FB448D0}.debug_x86|Any CPU.Build.0 = Debug|Any CPU
		{B50D6EFB-9F08-4261-B517-27F71FB448D0}.debug_x86|x64.ActiveCfg = Debug|Any CPU
		{B50D6EFB-9F08-4261-B517-27F71FB448D0}.debug_x86|x64.Build.0 = Debug|Any CPU
		{B50D6EFB-9F08-4261-B517-27F71FB448D0}.debug_x86|x86.ActiveCfg = Debug|Any CPU
		{B50D6EFB-9F08-4261-B517-27F71FB448D0}.debug_x86|x86.Build.0 = Debug|Any CPU
		{B50D6EFB-9F08-4261-B517-27F71FB448D0}.Debug|Any CPU.ActiveCfg = Debug|Any CPU
		{B50D6EFB-9F08-4261-B517-27F71FB448D0}.Debug|Any CPU.Build.0 = Debug|Any CPU
		{B50D6EFB-9F08-4261-B517-27F71FB448D0}.Debug|x64.ActiveCfg = Debug|Any CPU
		{B50D6EFB-9F08-4261-B517-27F71FB448D0}.Debug|x64.Build.0 = Debug|Any CPU
		{B50D6EFB-9F08-4261-B517-27F71FB448D0}.Debug|x86.ActiveCfg = Debug|Any CPU
		{B50D6EFB-9F08-4261-B517-27F71FB448D0}.Debug|x86.Build.0 = Debug|Any CPU
		{B50D6EFB-9F08-4261-B517-27F71FB448D0}.Release|Any CPU.ActiveCfg = Release|Any CPU
		{B50D6EFB-9F08-4261-B517-27F71FB448D0}.Release|Any CPU.Build.0 = Release|Any CPU
		{B50D6EFB-9F08-4261-B517-27F71FB448D0}.Release|x64.ActiveCfg = Release|Any CPU
		{B50D6EFB-9F08-4261-B517-27F71FB448D0}.Release|x64.Build.0 = Release|Any CPU
		{B50D6EFB-9F08-4261-B517-27F71FB448D0}.Release|x86.ActiveCfg = Release|Any CPU
		{B50D6EFB-9F08-4261-B517-27F71FB448D0}.Release|x86.Build.0 = Release|Any CPU
		{39F94016-923D-4BC4-B0AF-2CB569886569}.debug_x86|Any CPU.ActiveCfg = Debug|Any CPU
		{39F94016-923D-4BC4-B0AF-2CB569886569}.debug_x86|Any CPU.Build.0 = Debug|Any CPU
		{39F94016-923D-4BC4-B0AF-2CB569886569}.debug_x86|x64.ActiveCfg = Debug|Any CPU
		{39F94016-923D-4BC4-B0AF-2CB569886569}.debug_x86|x64.Build.0 = Debug|Any CPU
		{39F94016-923D-4BC4-B0AF-2CB569886569}.debug_x86|x86.ActiveCfg = Debug|Any CPU
		{39F94016-923D-4BC4-B0AF-2CB569886569}.debug_x86|x86.Build.0 = Debug|Any CPU
		{39F94016-923D-4BC4-B0AF-2CB569886569}.Debug|Any CPU.ActiveCfg = Debug|Any CPU
		{39F94016-923D-4BC4-B0AF-2CB569886569}.Debug|Any CPU.Build.0 = Debug|Any CPU
		{39F94016-923D-4BC4-B0AF-2CB569886569}.Debug|x64.ActiveCfg = Debug|Any CPU
		{39F94016-923D-4BC4-B0AF-2CB569886569}.Debug|x64.Build.0 = Debug|Any CPU
		{39F94016-923D-4BC4-B0AF-2CB569886569}.Debug|x86.ActiveCfg = Debug|Any CPU
		{39F94016-923D-4BC4-B0AF-2CB569886569}.Debug|x86.Build.0 = Debug|Any CPU
		{39F94016-923D-4BC4-B0AF-2CB569886569}.Release|Any CPU.ActiveCfg = Release|Any CPU
		{39F94016-923D-4BC4-B0AF-2CB569886569}.Release|Any CPU.Build.0 = Release|Any CPU
		{39F94016-923D-4BC4-B0AF-2CB569886569}.Release|x64.ActiveCfg = Release|Any CPU
		{39F94016-923D-4BC4-B0AF-2CB569886569}.Release|x64.Build.0 = Release|Any CPU
		{39F94016-923D-4BC4-B0AF-2CB569886569}.Release|x86.ActiveCfg = Release|Any CPU
		{39F94016-923D-4BC4-B0AF-2CB569886569}.Release|x86.Build.0 = Release|Any CPU
		{331E5212-844E-43B3-AC91-B35BABE4C520}.debug_x86|Any CPU.ActiveCfg = Debug|Any CPU
		{331E5212-844E-43B3-AC91-B35BABE4C520}.debug_x86|Any CPU.Build.0 = Debug|Any CPU
		{331E5212-844E-43B3-AC91-B35BABE4C520}.debug_x86|x64.ActiveCfg = Debug|Any CPU
		{331E5212-844E-43B3-AC91-B35BABE4C520}.debug_x86|x64.Build.0 = Debug|Any CPU
		{331E5212-844E-43B3-AC91-B35BABE4C520}.debug_x86|x86.ActiveCfg = Debug|Any CPU
		{331E5212-844E-43B3-AC91-B35BABE4C520}.debug_x86|x86.Build.0 = Debug|Any CPU
		{331E5212-844E-43B3-AC91-B35BABE4C520}.Debug|Any CPU.ActiveCfg = Debug|Any CPU
		{331E5212-844E-43B3-AC91-B35BABE4C520}.Debug|Any CPU.Build.0 = Debug|Any CPU
		{331E5212-844E-43B3-AC91-B35BABE4C520}.Debug|x64.ActiveCfg = Debug|Any CPU
		{331E5212-844E-43B3-AC91-B35BABE4C520}.Debug|x64.Build.0 = Debug|Any CPU
		{331E5212-844E-43B3-AC91-B35BABE4C520}.Debug|x86.ActiveCfg = Debug|Any CPU
		{331E5212-844E-43B3-AC91-B35BABE4C520}.Debug|x86.Build.0 = Debug|Any CPU
		{331E5212-844E-43B3-AC91-B35BABE4C520}.Release|Any CPU.ActiveCfg = Release|Any CPU
		{331E5212-844E-43B3-AC91-B35BABE4C520}.Release|Any CPU.Build.0 = Release|Any CPU
		{331E5212-844E-43B3-AC91-B35BABE4C520}.Release|x64.ActiveCfg = Release|Any CPU
		{331E5212-844E-43B3-AC91-B35BABE4C520}.Release|x64.Build.0 = Release|Any CPU
		{331E5212-844E-43B3-AC91-B35BABE4C520}.Release|x86.ActiveCfg = Release|Any CPU
		{331E5212-844E-43B3-AC91-B35BABE4C520}.Release|x86.Build.0 = Release|Any CPU
		{247FF2BF-0662-454A-8D94-0315A106750A}.debug_x86|Any CPU.ActiveCfg = Debug|Any CPU
		{247FF2BF-0662-454A-8D94-0315A106750A}.debug_x86|Any CPU.Build.0 = Debug|Any CPU
		{247FF2BF-0662-454A-8D94-0315A106750A}.debug_x86|x64.ActiveCfg = Debug|Any CPU
		{247FF2BF-0662-454A-8D94-0315A106750A}.debug_x86|x64.Build.0 = Debug|Any CPU
		{247FF2BF-0662-454A-8D94-0315A106750A}.debug_x86|x86.ActiveCfg = Debug|Any CPU
		{247FF2BF-0662-454A-8D94-0315A106750A}.debug_x86|x86.Build.0 = Debug|Any CPU
		{247FF2BF-0662-454A-8D94-0315A106750A}.Debug|Any CPU.ActiveCfg = Debug|Any CPU
		{247FF2BF-0662-454A-8D94-0315A106750A}.Debug|Any CPU.Build.0 = Debug|Any CPU
		{247FF2BF-0662-454A-8D94-0315A106750A}.Debug|x64.ActiveCfg = Debug|Any CPU
		{247FF2BF-0662-454A-8D94-0315A106750A}.Debug|x64.Build.0 = Debug|Any CPU
		{247FF2BF-0662-454A-8D94-0315A106750A}.Debug|x86.ActiveCfg = Debug|Any CPU
		{247FF2BF-0662-454A-8D94-0315A106750A}.Debug|x86.Build.0 = Debug|Any CPU
		{247FF2BF-0662-454A-8D94-0315A106750A}.Release|Any CPU.ActiveCfg = Release|Any CPU
		{247FF2BF-0662-454A-8D94-0315A106750A}.Release|Any CPU.Build.0 = Release|Any CPU
		{247FF2BF-0662-454A-8D94-0315A106750A}.Release|x64.ActiveCfg = Release|Any CPU
		{247FF2BF-0662-454A-8D94-0315A106750A}.Release|x64.Build.0 = Release|Any CPU
		{247FF2BF-0662-454A-8D94-0315A106750A}.Release|x86.ActiveCfg = Release|Any CPU
		{247FF2BF-0662-454A-8D94-0315A106750A}.Release|x86.Build.0 = Release|Any CPU
		{B2A8B6E0-E023-470D-BA88-1E78C8D1969D}.debug_x86|Any CPU.ActiveCfg = Debug|Any CPU
		{B2A8B6E0-E023-470D-BA88-1E78C8D1969D}.debug_x86|Any CPU.Build.0 = Debug|Any CPU
		{B2A8B6E0-E023-470D-BA88-1E78C8D1969D}.debug_x86|x64.ActiveCfg = Debug|Any CPU
		{B2A8B6E0-E023-470D-BA88-1E78C8D1969D}.debug_x86|x64.Build.0 = Debug|Any CPU
		{B2A8B6E0-E023-470D-BA88-1E78C8D1969D}.debug_x86|x86.ActiveCfg = Debug|Any CPU
		{B2A8B6E0-E023-470D-BA88-1E78C8D1969D}.debug_x86|x86.Build.0 = Debug|Any CPU
		{B2A8B6E0-E023-470D-BA88-1E78C8D1969D}.Debug|Any CPU.ActiveCfg = Debug|Any CPU
		{B2A8B6E0-E023-470D-BA88-1E78C8D1969D}.Debug|Any CPU.Build.0 = Debug|Any CPU
		{B2A8B6E0-E023-470D-BA88-1E78C8D1969D}.Debug|x64.ActiveCfg = Debug|Any CPU
		{B2A8B6E0-E023-470D-BA88-1E78C8D1969D}.Debug|x64.Build.0 = Debug|Any CPU
		{B2A8B6E0-E023-470D-BA88-1E78C8D1969D}.Debug|x86.ActiveCfg = Debug|Any CPU
		{B2A8B6E0-E023-470D-BA88-1E78C8D1969D}.Debug|x86.Build.0 = Debug|Any CPU
		{B2A8B6E0-E023-470D-BA88-1E78C8D1969D}.Release|Any CPU.ActiveCfg = Release|Any CPU
		{B2A8B6E0-E023-470D-BA88-1E78C8D1969D}.Release|Any CPU.Build.0 = Release|Any CPU
		{B2A8B6E0-E023-470D-BA88-1E78C8D1969D}.Release|x64.ActiveCfg = Release|Any CPU
		{B2A8B6E0-E023-470D-BA88-1E78C8D1969D}.Release|x64.Build.0 = Release|Any CPU
		{B2A8B6E0-E023-470D-BA88-1E78C8D1969D}.Release|x86.ActiveCfg = Release|Any CPU
		{B2A8B6E0-E023-470D-BA88-1E78C8D1969D}.Release|x86.Build.0 = Release|Any CPU
		{0731B984-6671-4593-BFAA-F9DB8ACA4151}.debug_x86|Any CPU.ActiveCfg = Debug|Any CPU
		{0731B984-6671-4593-BFAA-F9DB8ACA4151}.debug_x86|Any CPU.Build.0 = Debug|Any CPU
		{0731B984-6671-4593-BFAA-F9DB8ACA4151}.debug_x86|x64.ActiveCfg = Debug|Any CPU
		{0731B984-6671-4593-BFAA-F9DB8ACA4151}.debug_x86|x64.Build.0 = Debug|Any CPU
		{0731B984-6671-4593-BFAA-F9DB8ACA4151}.debug_x86|x86.ActiveCfg = Debug|Any CPU
		{0731B984-6671-4593-BFAA-F9DB8ACA4151}.debug_x86|x86.Build.0 = Debug|Any CPU
		{0731B984-6671-4593-BFAA-F9DB8ACA4151}.Debug|Any CPU.ActiveCfg = Debug|Any CPU
		{0731B984-6671-4593-BFAA-F9DB8ACA4151}.Debug|Any CPU.Build.0 = Debug|Any CPU
		{0731B984-6671-4593-BFAA-F9DB8ACA4151}.Debug|x64.ActiveCfg = Debug|Any CPU
		{0731B984-6671-4593-BFAA-F9DB8ACA4151}.Debug|x64.Build.0 = Debug|Any CPU
		{0731B984-6671-4593-BFAA-F9DB8ACA4151}.Debug|x86.ActiveCfg = Debug|Any CPU
		{0731B984-6671-4593-BFAA-F9DB8ACA4151}.Debug|x86.Build.0 = Debug|Any CPU
		{0731B984-6671-4593-BFAA-F9DB8ACA4151}.Release|Any CPU.ActiveCfg = Release|Any CPU
		{0731B984-6671-4593-BFAA-F9DB8ACA4151}.Release|Any CPU.Build.0 = Release|Any CPU
		{0731B984-6671-4593-BFAA-F9DB8ACA4151}.Release|x64.ActiveCfg = Release|Any CPU
		{0731B984-6671-4593-BFAA-F9DB8ACA4151}.Release|x64.Build.0 = Release|Any CPU
		{0731B984-6671-4593-BFAA-F9DB8ACA4151}.Release|x86.ActiveCfg = Release|Any CPU
		{0731B984-6671-4593-BFAA-F9DB8ACA4151}.Release|x86.Build.0 = Release|Any CPU
		{09E0CE7A-77BE-4367-9253-23DBA636E5ED}.debug_x86|Any CPU.ActiveCfg = Debug|Any CPU
		{09E0CE7A-77BE-4367-9253-23DBA636E5ED}.debug_x86|Any CPU.Build.0 = Debug|Any CPU
		{09E0CE7A-77BE-4367-9253-23DBA636E5ED}.debug_x86|x64.ActiveCfg = Debug|Any CPU
		{09E0CE7A-77BE-4367-9253-23DBA636E5ED}.debug_x86|x64.Build.0 = Debug|Any CPU
		{09E0CE7A-77BE-4367-9253-23DBA636E5ED}.debug_x86|x86.ActiveCfg = Debug|Any CPU
		{09E0CE7A-77BE-4367-9253-23DBA636E5ED}.debug_x86|x86.Build.0 = Debug|Any CPU
		{09E0CE7A-77BE-4367-9253-23DBA636E5ED}.Debug|Any CPU.ActiveCfg = Debug|Any CPU
		{09E0CE7A-77BE-4367-9253-23DBA636E5ED}.Debug|Any CPU.Build.0 = Debug|Any CPU
		{09E0CE7A-77BE-4367-9253-23DBA636E5ED}.Debug|x64.ActiveCfg = Debug|Any CPU
		{09E0CE7A-77BE-4367-9253-23DBA636E5ED}.Debug|x64.Build.0 = Debug|Any CPU
		{09E0CE7A-77BE-4367-9253-23DBA636E5ED}.Debug|x86.ActiveCfg = Debug|Any CPU
		{09E0CE7A-77BE-4367-9253-23DBA636E5ED}.Debug|x86.Build.0 = Debug|Any CPU
		{09E0CE7A-77BE-4367-9253-23DBA636E5ED}.Release|Any CPU.ActiveCfg = Release|Any CPU
		{09E0CE7A-77BE-4367-9253-23DBA636E5ED}.Release|Any CPU.Build.0 = Release|Any CPU
		{09E0CE7A-77BE-4367-9253-23DBA636E5ED}.Release|x64.ActiveCfg = Release|Any CPU
		{09E0CE7A-77BE-4367-9253-23DBA636E5ED}.Release|x64.Build.0 = Release|Any CPU
		{09E0CE7A-77BE-4367-9253-23DBA636E5ED}.Release|x86.ActiveCfg = Release|Any CPU
		{09E0CE7A-77BE-4367-9253-23DBA636E5ED}.Release|x86.Build.0 = Release|Any CPU
		{94D5A783-BA0B-4EAE-BFFE-8691C31AEFC8}.debug_x86|Any CPU.ActiveCfg = Debug|Any CPU
		{94D5A783-BA0B-4EAE-BFFE-8691C31AEFC8}.debug_x86|Any CPU.Build.0 = Debug|Any CPU
		{94D5A783-BA0B-4EAE-BFFE-8691C31AEFC8}.debug_x86|x64.ActiveCfg = Debug|Any CPU
		{94D5A783-BA0B-4EAE-BFFE-8691C31AEFC8}.debug_x86|x64.Build.0 = Debug|Any CPU
		{94D5A783-BA0B-4EAE-BFFE-8691C31AEFC8}.debug_x86|x86.ActiveCfg = Debug|Any CPU
		{94D5A783-BA0B-4EAE-BFFE-8691C31AEFC8}.debug_x86|x86.Build.0 = Debug|Any CPU
		{94D5A783-BA0B-4EAE-BFFE-8691C31AEFC8}.Debug|Any CPU.ActiveCfg = Debug|Any CPU
		{94D5A783-BA0B-4EAE-BFFE-8691C31AEFC8}.Debug|Any CPU.Build.0 = Debug|Any CPU
		{94D5A783-BA0B-4EAE-BFFE-8691C31AEFC8}.Debug|x64.ActiveCfg = Debug|Any CPU
		{94D5A783-BA0B-4EAE-BFFE-8691C31AEFC8}.Debug|x64.Build.0 = Debug|Any CPU
		{94D5A783-BA0B-4EAE-BFFE-8691C31AEFC8}.Debug|x86.ActiveCfg = Debug|Any CPU
		{94D5A783-BA0B-4EAE-BFFE-8691C31AEFC8}.Debug|x86.Build.0 = Debug|Any CPU
		{94D5A783-BA0B-4EAE-BFFE-8691C31AEFC8}.Release|Any CPU.ActiveCfg = Release|Any CPU
		{94D5A783-BA0B-4EAE-BFFE-8691C31AEFC8}.Release|Any CPU.Build.0 = Release|Any CPU
		{94D5A783-BA0B-4EAE-BFFE-8691C31AEFC8}.Release|x64.ActiveCfg = Release|Any CPU
		{94D5A783-BA0B-4EAE-BFFE-8691C31AEFC8}.Release|x64.Build.0 = Release|Any CPU
		{94D5A783-BA0B-4EAE-BFFE-8691C31AEFC8}.Release|x86.ActiveCfg = Release|Any CPU
		{94D5A783-BA0B-4EAE-BFFE-8691C31AEFC8}.Release|x86.Build.0 = Release|Any CPU
		{3D758216-B748-4914-B22E-E928146C2DA4}.debug_x86|Any CPU.ActiveCfg = Debug|Any CPU
		{3D758216-B748-4914-B22E-E928146C2DA4}.debug_x86|Any CPU.Build.0 = Debug|Any CPU
		{3D758216-B748-4914-B22E-E928146C2DA4}.debug_x86|x64.ActiveCfg = Debug|Any CPU
		{3D758216-B748-4914-B22E-E928146C2DA4}.debug_x86|x64.Build.0 = Debug|Any CPU
		{3D758216-B748-4914-B22E-E928146C2DA4}.debug_x86|x86.ActiveCfg = Debug|Any CPU
		{3D758216-B748-4914-B22E-E928146C2DA4}.debug_x86|x86.Build.0 = Debug|Any CPU
		{3D758216-B748-4914-B22E-E928146C2DA4}.Debug|Any CPU.ActiveCfg = Debug|Any CPU
		{3D758216-B748-4914-B22E-E928146C2DA4}.Debug|Any CPU.Build.0 = Debug|Any CPU
		{3D758216-B748-4914-B22E-E928146C2DA4}.Debug|x64.ActiveCfg = Debug|Any CPU
		{3D758216-B748-4914-B22E-E928146C2DA4}.Debug|x64.Build.0 = Debug|Any CPU
		{3D758216-B748-4914-B22E-E928146C2DA4}.Debug|x86.ActiveCfg = Debug|Any CPU
		{3D758216-B748-4914-B22E-E928146C2DA4}.Debug|x86.Build.0 = Debug|Any CPU
		{3D758216-B748-4914-B22E-E928146C2DA4}.Release|Any CPU.ActiveCfg = Release|Any CPU
		{3D758216-B748-4914-B22E-E928146C2DA4}.Release|Any CPU.Build.0 = Release|Any CPU
		{3D758216-B748-4914-B22E-E928146C2DA4}.Release|x64.ActiveCfg = Release|Any CPU
		{3D758216-B748-4914-B22E-E928146C2DA4}.Release|x64.Build.0 = Release|Any CPU
		{3D758216-B748-4914-B22E-E928146C2DA4}.Release|x86.ActiveCfg = Release|Any CPU
		{3D758216-B748-4914-B22E-E928146C2DA4}.Release|x86.Build.0 = Release|Any CPU
	EndGlobalSection
	GlobalSection(SolutionProperties) = preSolution
		HideSolutionNode = FALSE
	EndGlobalSection
	GlobalSection(NestedProjects) = preSolution
		{3E99E653-6B31-45CF-9B3A-30EEE497BE13} = {A4057ACF-27F0-4724-963B-44548B6BC4E9}
		{121FD6A8-6A7C-405A-B223-D3991D07D6E4} = {A4057ACF-27F0-4724-963B-44548B6BC4E9}
		{5041A3DC-CBBF-4615-99B1-781B641BCC01} = {A4057ACF-27F0-4724-963B-44548B6BC4E9}
		{4524AF86-DEEC-48DF-B613-EDCF1212047B} = {A4057ACF-27F0-4724-963B-44548B6BC4E9}
		{D798406A-9D72-434E-82FF-38AA0D946AE9} = {A4057ACF-27F0-4724-963B-44548B6BC4E9}
		{AF3DE3DB-6FCD-459B-A413-70229C5AA34F} = {A4057ACF-27F0-4724-963B-44548B6BC4E9}
		{E44DFA05-387E-44A9-8F5D-89EA9AAED43F} = {A4057ACF-27F0-4724-963B-44548B6BC4E9}
		{98D140A5-7719-4B03-B696-C5294B3CAD64} = {A4057ACF-27F0-4724-963B-44548B6BC4E9}
		{315EDEE3-EB23-4019-958D-C1EEA5F1DA18} = {A4057ACF-27F0-4724-963B-44548B6BC4E9}
		{CB0F7112-C0BF-4249-BB41-5F2EFA760757} = {4B56CCB9-2693-492A-A0C5-B4D15DDF00A4}
		{B2FB25DC-DD8D-4A0E-AF9F-CCBC6ED75ED0} = {4B56CCB9-2693-492A-A0C5-B4D15DDF00A4}
		{867AB4D3-0EE0-4A3E-B0F0-78E2B612495A} = {4B56CCB9-2693-492A-A0C5-B4D15DDF00A4}
		{8A75336B-A55F-42F6-B8BA-B55EFDA39705} = {4B56CCB9-2693-492A-A0C5-B4D15DDF00A4}
		{0294A050-806F-4FF5-989E-9755DF3D56B1} = {A4057ACF-27F0-4724-963B-44548B6BC4E9}
		{B88965E6-D92E-450C-B78B-D5FF81D35E7A} = {81B64EBF-613D-43AE-82DA-B375FB751921}
		{D3BB8134-3864-4C66-A3BE-1025310FFC75} = {81B64EBF-613D-43AE-82DA-B375FB751921}
		{64CA7759-DE6A-4D52-9952-7696525C044E} = {81B64EBF-613D-43AE-82DA-B375FB751921}
		{6C635494-31A4-4664-9883-0242838DC664} = {81B64EBF-613D-43AE-82DA-B375FB751921}
		{4A14E2F6-871E-4B77-B74A-A4AE3F989EFA} = {81B64EBF-613D-43AE-82DA-B375FB751921}
		{FE1D7C08-F4B9-4637-BD12-4D19E0DE81D6} = {81B64EBF-613D-43AE-82DA-B375FB751921}
		{B50D6EFB-9F08-4261-B517-27F71FB448D0} = {81B64EBF-613D-43AE-82DA-B375FB751921}
		{39F94016-923D-4BC4-B0AF-2CB569886569} = {81B64EBF-613D-43AE-82DA-B375FB751921}
		{331E5212-844E-43B3-AC91-B35BABE4C520} = {81B64EBF-613D-43AE-82DA-B375FB751921}
		{1406501A-8B25-47A5-BBFD-7AEECD2A7BBC} = {81B64EBF-613D-43AE-82DA-B375FB751921}
		{247FF2BF-0662-454A-8D94-0315A106750A} = {1406501A-8B25-47A5-BBFD-7AEECD2A7BBC}
		{B2A8B6E0-E023-470D-BA88-1E78C8D1969D} = {1406501A-8B25-47A5-BBFD-7AEECD2A7BBC}
		{0731B984-6671-4593-BFAA-F9DB8ACA4151} = {1406501A-8B25-47A5-BBFD-7AEECD2A7BBC}
		{09E0CE7A-77BE-4367-9253-23DBA636E5ED} = {1406501A-8B25-47A5-BBFD-7AEECD2A7BBC}
		{94D5A783-BA0B-4EAE-BFFE-8691C31AEFC8} = {1406501A-8B25-47A5-BBFD-7AEECD2A7BBC}
		{3D758216-B748-4914-B22E-E928146C2DA4} = {1406501A-8B25-47A5-BBFD-7AEECD2A7BBC}
	EndGlobalSection
	GlobalSection(ExtensibilityGlobals) = postSolution
		SolutionGuid = {26BCDDB3-5505-4903-9D87-C942ED0D03E6}
	EndGlobalSection
EndGlobal
