
Microsoft Visual Studio Solution File, Format Version 12.00
# Visual Studio 15
VisualStudioVersion = 15.0.25729.0
MinimumVisualStudioVersion = 10.0.40219.1
Project("{9A19103F-16F7-4668-BE54-9A1E7A4F7556}") = "ModelTypesTestLibrary", "ModelTypesTestLibrary\ModelTypesTestLibrary.csproj", "{7C316A17-A23C-4B2E-AE75-CBFC6D3EBDAD}"
EndProject
Project("{FAE04EC0-301F-11D3-BF4B-00C04F79EFBC}") = "ClassLibrary1", "ClassLibrary1\ClassLibrary1.csproj", "{B45587C0-D866-4B53-A241-E5F1B30B2DBC}"
EndProject
Project("{FAE04EC0-301F-11D3-BF4B-00C04F79EFBC}") = "ClassLibrary2", "ClassLibrary2\ClassLibrary2.csproj", "{679723D0-FCF3-49E6-9628-CAC64C138782}"
EndProject
Global
	GlobalSection(SolutionConfigurationPlatforms) = preSolution
		Debug|Any CPU = Debug|Any CPU
		Debug|x86 = Debug|x86
		Release|Any CPU = Release|Any CPU
		Release|x86 = Release|x86
	EndGlobalSection
	GlobalSection(ProjectConfigurationPlatforms) = postSolution
		{7C316A17-A23C-4B2E-AE75-CBFC6D3EBDAD}.Debug|Any CPU.ActiveCfg = Debug|Any CPU
		{7C316A17-A23C-4B2E-AE75-CBFC6D3EBDAD}.Debug|Any CPU.Build.0 = Debug|Any CPU
		{7C316A17-A23C-4B2E-AE75-CBFC6D3EBDAD}.Debug|x86.ActiveCfg = Debug|Any CPU
		{7C316A17-A23C-4B2E-AE75-CBFC6D3EBDAD}.Debug|x86.Build.0 = Debug|Any CPU
		{7C316A17-A23C-4B2E-AE75-CBFC6D3EBDAD}.Release|Any CPU.ActiveCfg = Release|Any CPU
		{7C316A17-A23C-4B2E-AE75-CBFC6D3EBDAD}.Release|Any CPU.Build.0 = Release|Any CPU
		{7C316A17-A23C-4B2E-AE75-CBFC6D3EBDAD}.Release|x86.ActiveCfg = Release|Any CPU
		{7C316A17-A23C-4B2E-AE75-CBFC6D3EBDAD}.Release|x86.Build.0 = Release|Any CPU
		{B45587C0-D866-4B53-A241-E5F1B30B2DBC}.Debug|Any CPU.ActiveCfg = Debug|Any CPU
		{B45587C0-D866-4B53-A241-E5F1B30B2DBC}.Debug|Any CPU.Build.0 = Debug|Any CPU
		{B45587C0-D866-4B53-A241-E5F1B30B2DBC}.Debug|x86.ActiveCfg = Debug|Any CPU
		{B45587C0-D866-4B53-A241-E5F1B30B2DBC}.Debug|x86.Build.0 = Debug|Any CPU
		{B45587C0-D866-4B53-A241-E5F1B30B2DBC}.Release|Any CPU.ActiveCfg = Release|Any CPU
		{B45587C0-D866-4B53-A241-E5F1B30B2DBC}.Release|Any CPU.Build.0 = Release|Any CPU
		{B45587C0-D866-4B53-A241-E5F1B30B2DBC}.Release|x86.ActiveCfg = Release|Any CPU
		{B45587C0-D866-4B53-A241-E5F1B30B2DBC}.Release|x86.Build.0 = Release|Any CPU
		{679723D0-FCF3-49E6-9628-CAC64C138782}.Debug|Any CPU.ActiveCfg = Debug|Any CPU
		{679723D0-FCF3-49E6-9628-CAC64C138782}.Debug|Any CPU.Build.0 = Debug|Any CPU
		{679723D0-FCF3-49E6-9628-CAC64C138782}.Debug|x86.ActiveCfg = Debug|Any CPU
		{679723D0-FCF3-49E6-9628-CAC64C138782}.Debug|x86.Build.0 = Debug|Any CPU
		{679723D0-FCF3-49E6-9628-CAC64C138782}.Release|Any CPU.ActiveCfg = Release|Any CPU
		{679723D0-FCF3-49E6-9628-CAC64C138782}.Release|Any CPU.Build.0 = Release|Any CPU
		{679723D0-FCF3-49E6-9628-CAC64C138782}.Release|x86.ActiveCfg = Release|Any CPU
		{679723D0-FCF3-49E6-9628-CAC64C138782}.Release|x86.Build.0 = Release|Any CPU
	EndGlobalSection
	GlobalSection(SolutionProperties) = preSolution
		HideSolutionNode = FALSE
	EndGlobalSection
EndGlobal
